
Microsoft Visual Studio Solution File, Format Version 12.00
# Visual Studio Version 16
VisualStudioVersion = 16.0.29102.190
MinimumVisualStudioVersion = 10.0.40219.1
Project("{FAE04EC0-301F-11D3-BF4B-00C04F79EFBC}") = "HalloNavigation.UWP", "HalloNavigation\HalloNavigation.UWP\HalloNavigation.UWP.csproj", "{F4007EEB-8A60-429C-9522-D1B54CEFBA6F}"
EndProject
Project("{FAE04EC0-301F-11D3-BF4B-00C04F79EFBC}") = "HalloNavigation.Android", "HalloNavigation\HalloNavigation.Android\HalloNavigation.Android.csproj", "{91EFECF0-2B67-4026-9D72-C4197C9A1380}"
EndProject
Project("{FAE04EC0-301F-11D3-BF4B-00C04F79EFBC}") = "HalloNavigation.iOS", "HalloNavigation\HalloNavigation.iOS\HalloNavigation.iOS.csproj", "{256D04B4-970D-47D7-BFF3-2A23A55C5A12}"
EndProject
Project("{FAE04EC0-301F-11D3-BF4B-00C04F79EFBC}") = "HalloNavigation", "HalloNavigation\HalloNavigation\HalloNavigation.csproj", "{B66C79E2-2572-400C-98B3-BFD34AC503F3}"
EndProject
Global
	GlobalSection(SolutionConfigurationPlatforms) = preSolution
		Debug|Any CPU = Debug|Any CPU
		Debug|ARM = Debug|ARM
		Debug|iPhone = Debug|iPhone
		Debug|iPhoneSimulator = Debug|iPhoneSimulator
		Debug|x64 = Debug|x64
		Debug|x86 = Debug|x86
		Release|Any CPU = Release|Any CPU
		Release|ARM = Release|ARM
		Release|iPhone = Release|iPhone
		Release|iPhoneSimulator = Release|iPhoneSimulator
		Release|x64 = Release|x64
		Release|x86 = Release|x86
	EndGlobalSection
	GlobalSection(ProjectConfigurationPlatforms) = postSolution
		{F4007EEB-8A60-429C-9522-D1B54CEFBA6F}.Debug|Any CPU.ActiveCfg = Debug|x86
		{F4007EEB-8A60-429C-9522-D1B54CEFBA6F}.Debug|Any CPU.Build.0 = Debug|x86
		{F4007EEB-8A60-429C-9522-D1B54CEFBA6F}.Debug|Any CPU.Deploy.0 = Debug|x86
		{F4007EEB-8A60-429C-9522-D1B54CEFBA6F}.Debug|ARM.ActiveCfg = Debug|ARM
		{F4007EEB-8A60-429C-9522-D1B54CEFBA6F}.Debug|ARM.Build.0 = Debug|ARM
		{F4007EEB-8A60-429C-9522-D1B54CEFBA6F}.Debug|ARM.Deploy.0 = Debug|ARM
		{F4007EEB-8A60-429C-9522-D1B54CEFBA6F}.Debug|iPhone.ActiveCfg = Debug|x86
		{F4007EEB-8A60-429C-9522-D1B54CEFBA6F}.Debug|iPhone.Build.0 = Debug|x86
		{F4007EEB-8A60-429C-9522-D1B54CEFBA6F}.Debug|iPhone.Deploy.0 = Debug|x86
		{F4007EEB-8A60-429C-9522-D1B54CEFBA6F}.Debug|iPhoneSimulator.ActiveCfg = Debug|x86
		{F4007EEB-8A60-429C-9522-D1B54CEFBA6F}.Debug|iPhoneSimulator.Build.0 = Debug|x86
		{F4007EEB-8A60-429C-9522-D1B54CEFBA6F}.Debug|iPhoneSimulator.Deploy.0 = Debug|x86
		{F4007EEB-8A60-429C-9522-D1B54CEFBA6F}.Debug|x64.ActiveCfg = Debug|x64
		{F4007EEB-8A60-429C-9522-D1B54CEFBA6F}.Debug|x64.Build.0 = Debug|x64
		{F4007EEB-8A60-429C-9522-D1B54CEFBA6F}.Debug|x64.Deploy.0 = Debug|x64
		{F4007EEB-8A60-429C-9522-D1B54CEFBA6F}.Debug|x86.ActiveCfg = Debug|x86
		{F4007EEB-8A60-429C-9522-D1B54CEFBA6F}.Debug|x86.Build.0 = Debug|x86
		{F4007EEB-8A60-429C-9522-D1B54CEFBA6F}.Debug|x86.Deploy.0 = Debug|x86
		{F4007EEB-8A60-429C-9522-D1B54CEFBA6F}.Release|Any CPU.ActiveCfg = Release|x86
		{F4007EEB-8A60-429C-9522-D1B54CEFBA6F}.Release|Any CPU.Build.0 = Release|x86
		{F4007EEB-8A60-429C-9522-D1B54CEFBA6F}.Release|Any CPU.Deploy.0 = Release|x86
		{F4007EEB-8A60-429C-9522-D1B54CEFBA6F}.Release|ARM.ActiveCfg = Release|ARM
		{F4007EEB-8A60-429C-9522-D1B54CEFBA6F}.Release|ARM.Build.0 = Release|ARM
		{F4007EEB-8A60-429C-9522-D1B54CEFBA6F}.Release|ARM.Deploy.0 = Release|ARM
		{F4007EEB-8A60-429C-9522-D1B54CEFBA6F}.Release|iPhone.ActiveCfg = Release|x86
		{F4007EEB-8A60-429C-9522-D1B54CEFBA6F}.Release|iPhone.Build.0 = Release|x86
		{F4007EEB-8A60-429C-9522-D1B54CEFBA6F}.Release|iPhone.Deploy.0 = Release|x86
		{F4007EEB-8A60-429C-9522-D1B54CEFBA6F}.Release|iPhoneSimulator.ActiveCfg = Release|x86
		{F4007EEB-8A60-429C-9522-D1B54CEFBA6F}.Release|iPhoneSimulator.Build.0 = Release|x86
		{F4007EEB-8A60-429C-9522-D1B54CEFBA6F}.Release|iPhoneSimulator.Deploy.0 = Release|x86
		{F4007EEB-8A60-429C-9522-D1B54CEFBA6F}.Release|x64.ActiveCfg = Release|x64
		{F4007EEB-8A60-429C-9522-D1B54CEFBA6F}.Release|x64.Build.0 = Release|x64
		{F4007EEB-8A60-429C-9522-D1B54CEFBA6F}.Release|x64.Deploy.0 = Release|x64
		{F4007EEB-8A60-429C-9522-D1B54CEFBA6F}.Release|x86.ActiveCfg = Release|x86
		{F4007EEB-8A60-429C-9522-D1B54CEFBA6F}.Release|x86.Build.0 = Release|x86
		{F4007EEB-8A60-429C-9522-D1B54CEFBA6F}.Release|x86.Deploy.0 = Release|x86
		{91EFECF0-2B67-4026-9D72-C4197C9A1380}.Debug|Any CPU.ActiveCfg = Debug|Any CPU
		{91EFECF0-2B67-4026-9D72-C4197C9A1380}.Debug|Any CPU.Build.0 = Debug|Any CPU
		{91EFECF0-2B67-4026-9D72-C4197C9A1380}.Debug|Any CPU.Deploy.0 = Debug|Any CPU
		{91EFECF0-2B67-4026-9D72-C4197C9A1380}.Debug|ARM.ActiveCfg = Debug|Any CPU
		{91EFECF0-2B67-4026-9D72-C4197C9A1380}.Debug|ARM.Build.0 = Debug|Any CPU
		{91EFECF0-2B67-4026-9D72-C4197C9A1380}.Debug|ARM.Deploy.0 = Debug|Any CPU
		{91EFECF0-2B67-4026-9D72-C4197C9A1380}.Debug|iPhone.ActiveCfg = Debug|Any CPU
		{91EFECF0-2B67-4026-9D72-C4197C9A1380}.Debug|iPhone.Build.0 = Debug|Any CPU
		{91EFECF0-2B67-4026-9D72-C4197C9A1380}.Debug|iPhone.Deploy.0 = Debug|Any CPU
		{91EFECF0-2B67-4026-9D72-C4197C9A1380}.Debug|iPhoneSimulator.ActiveCfg = Debug|Any CPU
		{91EFECF0-2B67-4026-9D72-C4197C9A1380}.Debug|iPhoneSimulator.Build.0 = Debug|Any CPU
		{91EFECF0-2B67-4026-9D72-C4197C9A1380}.Debug|iPhoneSimulator.Deploy.0 = Debug|Any CPU
		{91EFECF0-2B67-4026-9D72-C4197C9A1380}.Debug|x64.ActiveCfg = Debug|Any CPU
		{91EFECF0-2B67-4026-9D72-C4197C9A1380}.Debug|x64.Build.0 = Debug|Any CPU
		{91EFECF0-2B67-4026-9D72-C4197C9A1380}.Debug|x64.Deploy.0 = Debug|Any CPU
		{91EFECF0-2B67-4026-9D72-C4197C9A1380}.Debug|x86.ActiveCfg = Debug|Any CPU
		{91EFECF0-2B67-4026-9D72-C4197C9A1380}.Debug|x86.Build.0 = Debug|Any CPU
		{91EFECF0-2B67-4026-9D72-C4197C9A1380}.Debug|x86.Deploy.0 = Debug|Any CPU
		{91EFECF0-2B67-4026-9D72-C4197C9A1380}.Release|Any CPU.ActiveCfg = Release|Any CPU
		{91EFECF0-2B67-4026-9D72-C4197C9A1380}.Release|Any CPU.Build.0 = Release|Any CPU
		{91EFECF0-2B67-4026-9D72-C4197C9A1380}.Release|Any CPU.Deploy.0 = Release|Any CPU
		{91EFECF0-2B67-4026-9D72-C4197C9A1380}.Release|ARM.ActiveCfg = Release|Any CPU
		{91EFECF0-2B67-4026-9D72-C4197C9A1380}.Release|ARM.Build.0 = Release|Any CPU
		{91EFECF0-2B67-4026-9D72-C4197C9A1380}.Release|ARM.Deploy.0 = Release|Any CPU
		{91EFECF0-2B67-4026-9D72-C4197C9A1380}.Release|iPhone.ActiveCfg = Release|Any CPU
		{91EFECF0-2B67-4026-9D72-C4197C9A1380}.Release|iPhone.Build.0 = Release|Any CPU
		{91EFECF0-2B67-4026-9D72-C4197C9A1380}.Release|iPhone.Deploy.0 = Release|Any CPU
		{91EFECF0-2B67-4026-9D72-C4197C9A1380}.Release|iPhoneSimulator.ActiveCfg = Release|Any CPU
		{91EFECF0-2B67-4026-9D72-C4197C9A1380}.Release|iPhoneSimulator.Build.0 = Release|Any CPU
		{91EFECF0-2B67-4026-9D72-C4197C9A1380}.Release|iPhoneSimulator.Deploy.0 = Release|Any CPU
		{91EFECF0-2B67-4026-9D72-C4197C9A1380}.Release|x64.ActiveCfg = Release|Any CPU
		{91EFECF0-2B67-4026-9D72-C4197C9A1380}.Release|x64.Build.0 = Release|Any CPU
		{91EFECF0-2B67-4026-9D72-C4197C9A1380}.Release|x64.Deploy.0 = Release|Any CPU
		{91EFECF0-2B67-4026-9D72-C4197C9A1380}.Release|x86.ActiveCfg = Release|Any CPU
		{91EFECF0-2B67-4026-9D72-C4197C9A1380}.Release|x86.Build.0 = Release|Any CPU
		{91EFECF0-2B67-4026-9D72-C4197C9A1380}.Release|x86.Deploy.0 = Release|Any CPU
		{256D04B4-970D-47D7-BFF3-2A23A55C5A12}.Debug|Any CPU.ActiveCfg = Debug|iPhone
		{256D04B4-970D-47D7-BFF3-2A23A55C5A12}.Debug|Any CPU.Build.0 = Debug|iPhone
		{256D04B4-970D-47D7-BFF3-2A23A55C5A12}.Debug|Any CPU.Deploy.0 = Debug|iPhone
		{256D04B4-970D-47D7-BFF3-2A23A55C5A12}.Debug|ARM.ActiveCfg = Debug|iPhoneSimulator
		{256D04B4-970D-47D7-BFF3-2A23A55C5A12}.Debug|ARM.Build.0 = Debug|iPhoneSimulator
		{256D04B4-970D-47D7-BFF3-2A23A55C5A12}.Debug|ARM.Deploy.0 = Debug|iPhoneSimulator
		{256D04B4-970D-47D7-BFF3-2A23A55C5A12}.Debug|iPhone.ActiveCfg = Debug|iPhone
		{256D04B4-970D-47D7-BFF3-2A23A55C5A12}.Debug|iPhone.Build.0 = Debug|iPhone
		{256D04B4-970D-47D7-BFF3-2A23A55C5A12}.Debug|iPhone.Deploy.0 = Debug|iPhone
		{256D04B4-970D-47D7-BFF3-2A23A55C5A12}.Debug|iPhoneSimulator.ActiveCfg = Debug|iPhoneSimulator
		{256D04B4-970D-47D7-BFF3-2A23A55C5A12}.Debug|iPhoneSimulator.Build.0 = Debug|iPhoneSimulator
		{256D04B4-970D-47D7-BFF3-2A23A55C5A12}.Debug|iPhoneSimulator.Deploy.0 = Debug|iPhoneSimulator
		{256D04B4-970D-47D7-BFF3-2A23A55C5A12}.Debug|x64.ActiveCfg = Debug|iPhone
		{256D04B4-970D-47D7-BFF3-2A23A55C5A12}.Debug|x64.Build.0 = Debug|iPhone
		{256D04B4-970D-47D7-BFF3-2A23A55C5A12}.Debug|x64.Deploy.0 = Debug|iPhone
		{256D04B4-970D-47D7-BFF3-2A23A55C5A12}.Debug|x86.ActiveCfg = Debug|iPhone
		{256D04B4-970D-47D7-BFF3-2A23A55C5A12}.Debug|x86.Build.0 = Debug|iPhone
		{256D04B4-970D-47D7-BFF3-2A23A55C5A12}.Debug|x86.Deploy.0 = Debug|iPhone
		{256D04B4-970D-47D7-BFF3-2A23A55C5A12}.Release|Any CPU.ActiveCfg = Release|iPhone
		{256D04B4-970D-47D7-BFF3-2A23A55C5A12}.Release|Any CPU.Build.0 = Release|iPhone
		{256D04B4-970D-47D7-BFF3-2A23A55C5A12}.Release|Any CPU.Deploy.0 = Release|iPhone
		{256D04B4-970D-47D7-BFF3-2A23A55C5A12}.Release|ARM.ActiveCfg = Release|iPhone
		{256D04B4-970D-47D7-BFF3-2A23A55C5A12}.Release|ARM.Build.0 = Release|iPhone
		{256D04B4-970D-47D7-BFF3-2A23A55C5A12}.Release|ARM.Deploy.0 = Release|iPhone
		{256D04B4-970D-47D7-BFF3-2A23A55C5A12}.Release|iPhone.ActiveCfg = Release|iPhone
		{256D04B4-970D-47D7-BFF3-2A23A55C5A12}.Release|iPhone.Build.0 = Release|iPhone
		{256D04B4-970D-47D7-BFF3-2A23A55C5A12}.Release|iPhone.Deploy.0 = Release|iPhone
		{256D04B4-970D-47D7-BFF3-2A23A55C5A12}.Release|iPhoneSimulator.ActiveCfg = Release|iPhoneSimulator
		{256D04B4-970D-47D7-BFF3-2A23A55C5A12}.Release|iPhoneSimulator.Build.0 = Release|iPhoneSimulator
		{256D04B4-970D-47D7-BFF3-2A23A55C5A12}.Release|iPhoneSimulator.Deploy.0 = Release|iPhoneSimulator
		{256D04B4-970D-47D7-BFF3-2A23A55C5A12}.Release|x64.ActiveCfg = Release|iPhone
		{256D04B4-970D-47D7-BFF3-2A23A55C5A12}.Release|x64.Build.0 = Release|iPhone
		{256D04B4-970D-47D7-BFF3-2A23A55C5A12}.Release|x64.Deploy.0 = Release|iPhone
		{256D04B4-970D-47D7-BFF3-2A23A55C5A12}.Release|x86.ActiveCfg = Release|iPhone
		{256D04B4-970D-47D7-BFF3-2A23A55C5A12}.Release|x86.Build.0 = Release|iPhone
		{256D04B4-970D-47D7-BFF3-2A23A55C5A12}.Release|x86.Deploy.0 = Release|iPhone
		{B66C79E2-2572-400C-98B3-BFD34AC503F3}.Debug|Any CPU.ActiveCfg = Debug|Any CPU
		{B66C79E2-2572-400C-98B3-BFD34AC503F3}.Debug|Any CPU.Build.0 = Debug|Any CPU
		{B66C79E2-2572-400C-98B3-BFD34AC503F3}.Debug|Any CPU.Deploy.0 = Debug|Any CPU
		{B66C79E2-2572-400C-98B3-BFD34AC503F3}.Debug|ARM.ActiveCfg = Debug|Any CPU
		{B66C79E2-2572-400C-98B3-BFD34AC503F3}.Debug|ARM.Build.0 = Debug|Any CPU
		{B66C79E2-2572-400C-98B3-BFD34AC503F3}.Debug|ARM.Deploy.0 = Debug|Any CPU
		{B66C79E2-2572-400C-98B3-BFD34AC503F3}.Debug|iPhone.ActiveCfg = Debug|Any CPU
		{B66C79E2-2572-400C-98B3-BFD34AC503F3}.Debug|iPhone.Build.0 = Debug|Any CPU
		{B66C79E2-2572-400C-98B3-BFD34AC503F3}.Debug|iPhone.Deploy.0 = Debug|Any CPU
		{B66C79E2-2572-400C-98B3-BFD34AC503F3}.Debug|iPhoneSimulator.ActiveCfg = Debug|Any CPU
		{B66C79E2-2572-400C-98B3-BFD34AC503F3}.Debug|iPhoneSimulator.Build.0 = Debug|Any CPU
		{B66C79E2-2572-400C-98B3-BFD34AC503F3}.Debug|iPhoneSimulator.Deploy.0 = Debug|Any CPU
		{B66C79E2-2572-400C-98B3-BFD34AC503F3}.Debug|x64.ActiveCfg = Debug|Any CPU
		{B66C79E2-2572-400C-98B3-BFD34AC503F3}.Debug|x64.Build.0 = Debug|Any CPU
		{B66C79E2-2572-400C-98B3-BFD34AC503F3}.Debug|x64.Deploy.0 = Debug|Any CPU
		{B66C79E2-2572-400C-98B3-BFD34AC503F3}.Debug|x86.ActiveCfg = Debug|Any CPU
		{B66C79E2-2572-400C-98B3-BFD34AC503F3}.Debug|x86.Build.0 = Debug|Any CPU
		{B66C79E2-2572-400C-98B3-BFD34AC503F3}.Debug|x86.Deploy.0 = Debug|Any CPU
		{B66C79E2-2572-400C-98B3-BFD34AC503F3}.Release|Any CPU.ActiveCfg = Release|Any CPU
		{B66C79E2-2572-400C-98B3-BFD34AC503F3}.Release|Any CPU.Build.0 = Release|Any CPU
		{B66C79E2-2572-400C-98B3-BFD34AC503F3}.Release|Any CPU.Deploy.0 = Release|Any CPU
		{B66C79E2-2572-400C-98B3-BFD34AC503F3}.Release|ARM.ActiveCfg = Release|Any CPU
		{B66C79E2-2572-400C-98B3-BFD34AC503F3}.Release|ARM.Build.0 = Release|Any CPU
		{B66C79E2-2572-400C-98B3-BFD34AC503F3}.Release|ARM.Deploy.0 = Release|Any CPU
		{B66C79E2-2572-400C-98B3-BFD34AC503F3}.Release|iPhone.ActiveCfg = Release|Any CPU
		{B66C79E2-2572-400C-98B3-BFD34AC503F3}.Release|iPhone.Build.0 = Release|Any CPU
		{B66C79E2-2572-400C-98B3-BFD34AC503F3}.Release|iPhone.Deploy.0 = Release|Any CPU
		{B66C79E2-2572-400C-98B3-BFD34AC503F3}.Release|iPhoneSimulator.ActiveCfg = Release|Any CPU
		{B66C79E2-2572-400C-98B3-BFD34AC503F3}.Release|iPhoneSimulator.Build.0 = Release|Any CPU
		{B66C79E2-2572-400C-98B3-BFD34AC503F3}.Release|iPhoneSimulator.Deploy.0 = Release|Any CPU
		{B66C79E2-2572-400C-98B3-BFD34AC503F3}.Release|x64.ActiveCfg = Release|Any CPU
		{B66C79E2-2572-400C-98B3-BFD34AC503F3}.Release|x64.Build.0 = Release|Any CPU
		{B66C79E2-2572-400C-98B3-BFD34AC503F3}.Release|x64.Deploy.0 = Release|Any CPU
		{B66C79E2-2572-400C-98B3-BFD34AC503F3}.Release|x86.ActiveCfg = Release|Any CPU
		{B66C79E2-2572-400C-98B3-BFD34AC503F3}.Release|x86.Build.0 = Release|Any CPU
		{B66C79E2-2572-400C-98B3-BFD34AC503F3}.Release|x86.Deploy.0 = Release|Any CPU
	EndGlobalSection
	GlobalSection(SolutionProperties) = preSolution
		HideSolutionNode = FALSE
	EndGlobalSection
	GlobalSection(ExtensibilityGlobals) = postSolution
		SolutionGuid = {961C86C0-3A2F-455D-B5E9-646661B9A07E}
	EndGlobalSection
EndGlobal
