
Microsoft Visual Studio Solution File, Format Version 12.00
# Visual Studio Version 16
VisualStudioVersion = 16.0.29102.190
MinimumVisualStudioVersion = 10.0.40219.1
Project("{FAE04EC0-301F-11D3-BF4B-00C04F79EFBC}") = "HalloStyle.UWP", "HalloStyle\HalloStyle.UWP\HalloStyle.UWP.csproj", "{7FF3E052-9574-438A-932F-DF0DBCD2FFE9}"
EndProject
Project("{FAE04EC0-301F-11D3-BF4B-00C04F79EFBC}") = "HalloStyle.Android", "HalloStyle\HalloStyle.Android\HalloStyle.Android.csproj", "{CA21B7A5-46C8-461E-8B7A-3F46AD164A5F}"
EndProject
Project("{FAE04EC0-301F-11D3-BF4B-00C04F79EFBC}") = "HalloStyle.iOS", "HalloStyle\HalloStyle.iOS\HalloStyle.iOS.csproj", "{AA4118B9-EA57-499C-BF5F-0A5B7AB25C98}"
EndProject
Project("{FAE04EC0-301F-11D3-BF4B-00C04F79EFBC}") = "HalloStyle", "HalloStyle\HalloStyle\HalloStyle.csproj", "{1E4EA04C-8DAE-4CF5-853C-832B72221DE1}"
EndProject
Global
	GlobalSection(SolutionConfigurationPlatforms) = preSolution
		Debug|Any CPU = Debug|Any CPU
		Debug|ARM = Debug|ARM
		Debug|iPhone = Debug|iPhone
		Debug|iPhoneSimulator = Debug|iPhoneSimulator
		Debug|x64 = Debug|x64
		Debug|x86 = Debug|x86
		Release|Any CPU = Release|Any CPU
		Release|ARM = Release|ARM
		Release|iPhone = Release|iPhone
		Release|iPhoneSimulator = Release|iPhoneSimulator
		Release|x64 = Release|x64
		Release|x86 = Release|x86
	EndGlobalSection
	GlobalSection(ProjectConfigurationPlatforms) = postSolution
		{7FF3E052-9574-438A-932F-DF0DBCD2FFE9}.Debug|Any CPU.ActiveCfg = Debug|x86
		{7FF3E052-9574-438A-932F-DF0DBCD2FFE9}.Debug|Any CPU.Build.0 = Debug|x86
		{7FF3E052-9574-438A-932F-DF0DBCD2FFE9}.Debug|Any CPU.Deploy.0 = Debug|x86
		{7FF3E052-9574-438A-932F-DF0DBCD2FFE9}.Debug|ARM.ActiveCfg = Debug|ARM
		{7FF3E052-9574-438A-932F-DF0DBCD2FFE9}.Debug|ARM.Build.0 = Debug|ARM
		{7FF3E052-9574-438A-932F-DF0DBCD2FFE9}.Debug|ARM.Deploy.0 = Debug|ARM
		{7FF3E052-9574-438A-932F-DF0DBCD2FFE9}.Debug|iPhone.ActiveCfg = Debug|x86
		{7FF3E052-9574-438A-932F-DF0DBCD2FFE9}.Debug|iPhone.Build.0 = Debug|x86
		{7FF3E052-9574-438A-932F-DF0DBCD2FFE9}.Debug|iPhone.Deploy.0 = Debug|x86
		{7FF3E052-9574-438A-932F-DF0DBCD2FFE9}.Debug|iPhoneSimulator.ActiveCfg = Debug|x86
		{7FF3E052-9574-438A-932F-DF0DBCD2FFE9}.Debug|iPhoneSimulator.Build.0 = Debug|x86
		{7FF3E052-9574-438A-932F-DF0DBCD2FFE9}.Debug|iPhoneSimulator.Deploy.0 = Debug|x86
		{7FF3E052-9574-438A-932F-DF0DBCD2FFE9}.Debug|x64.ActiveCfg = Debug|x64
		{7FF3E052-9574-438A-932F-DF0DBCD2FFE9}.Debug|x64.Build.0 = Debug|x64
		{7FF3E052-9574-438A-932F-DF0DBCD2FFE9}.Debug|x64.Deploy.0 = Debug|x64
		{7FF3E052-9574-438A-932F-DF0DBCD2FFE9}.Debug|x86.ActiveCfg = Debug|x86
		{7FF3E052-9574-438A-932F-DF0DBCD2FFE9}.Debug|x86.Build.0 = Debug|x86
		{7FF3E052-9574-438A-932F-DF0DBCD2FFE9}.Debug|x86.Deploy.0 = Debug|x86
		{7FF3E052-9574-438A-932F-DF0DBCD2FFE9}.Release|Any CPU.ActiveCfg = Release|x86
		{7FF3E052-9574-438A-932F-DF0DBCD2FFE9}.Release|Any CPU.Build.0 = Release|x86
		{7FF3E052-9574-438A-932F-DF0DBCD2FFE9}.Release|Any CPU.Deploy.0 = Release|x86
		{7FF3E052-9574-438A-932F-DF0DBCD2FFE9}.Release|ARM.ActiveCfg = Release|ARM
		{7FF3E052-9574-438A-932F-DF0DBCD2FFE9}.Release|ARM.Build.0 = Release|ARM
		{7FF3E052-9574-438A-932F-DF0DBCD2FFE9}.Release|ARM.Deploy.0 = Release|ARM
		{7FF3E052-9574-438A-932F-DF0DBCD2FFE9}.Release|iPhone.ActiveCfg = Release|x86
		{7FF3E052-9574-438A-932F-DF0DBCD2FFE9}.Release|iPhone.Build.0 = Release|x86
		{7FF3E052-9574-438A-932F-DF0DBCD2FFE9}.Release|iPhone.Deploy.0 = Release|x86
		{7FF3E052-9574-438A-932F-DF0DBCD2FFE9}.Release|iPhoneSimulator.ActiveCfg = Release|x86
		{7FF3E052-9574-438A-932F-DF0DBCD2FFE9}.Release|iPhoneSimulator.Build.0 = Release|x86
		{7FF3E052-9574-438A-932F-DF0DBCD2FFE9}.Release|iPhoneSimulator.Deploy.0 = Release|x86
		{7FF3E052-9574-438A-932F-DF0DBCD2FFE9}.Release|x64.ActiveCfg = Release|x64
		{7FF3E052-9574-438A-932F-DF0DBCD2FFE9}.Release|x64.Build.0 = Release|x64
		{7FF3E052-9574-438A-932F-DF0DBCD2FFE9}.Release|x64.Deploy.0 = Release|x64
		{7FF3E052-9574-438A-932F-DF0DBCD2FFE9}.Release|x86.ActiveCfg = Release|x86
		{7FF3E052-9574-438A-932F-DF0DBCD2FFE9}.Release|x86.Build.0 = Release|x86
		{7FF3E052-9574-438A-932F-DF0DBCD2FFE9}.Release|x86.Deploy.0 = Release|x86
		{CA21B7A5-46C8-461E-8B7A-3F46AD164A5F}.Debug|Any CPU.ActiveCfg = Debug|Any CPU
		{CA21B7A5-46C8-461E-8B7A-3F46AD164A5F}.Debug|Any CPU.Build.0 = Debug|Any CPU
		{CA21B7A5-46C8-461E-8B7A-3F46AD164A5F}.Debug|Any CPU.Deploy.0 = Debug|Any CPU
		{CA21B7A5-46C8-461E-8B7A-3F46AD164A5F}.Debug|ARM.ActiveCfg = Debug|Any CPU
		{CA21B7A5-46C8-461E-8B7A-3F46AD164A5F}.Debug|ARM.Build.0 = Debug|Any CPU
		{CA21B7A5-46C8-461E-8B7A-3F46AD164A5F}.Debug|ARM.Deploy.0 = Debug|Any CPU
		{CA21B7A5-46C8-461E-8B7A-3F46AD164A5F}.Debug|iPhone.ActiveCfg = Debug|Any CPU
		{CA21B7A5-46C8-461E-8B7A-3F46AD164A5F}.Debug|iPhone.Build.0 = Debug|Any CPU
		{CA21B7A5-46C8-461E-8B7A-3F46AD164A5F}.Debug|iPhone.Deploy.0 = Debug|Any CPU
		{CA21B7A5-46C8-461E-8B7A-3F46AD164A5F}.Debug|iPhoneSimulator.ActiveCfg = Debug|Any CPU
		{CA21B7A5-46C8-461E-8B7A-3F46AD164A5F}.Debug|iPhoneSimulator.Build.0 = Debug|Any CPU
		{CA21B7A5-46C8-461E-8B7A-3F46AD164A5F}.Debug|iPhoneSimulator.Deploy.0 = Debug|Any CPU
		{CA21B7A5-46C8-461E-8B7A-3F46AD164A5F}.Debug|x64.ActiveCfg = Debug|Any CPU
		{CA21B7A5-46C8-461E-8B7A-3F46AD164A5F}.Debug|x64.Build.0 = Debug|Any CPU
		{CA21B7A5-46C8-461E-8B7A-3F46AD164A5F}.Debug|x64.Deploy.0 = Debug|Any CPU
		{CA21B7A5-46C8-461E-8B7A-3F46AD164A5F}.Debug|x86.ActiveCfg = Debug|Any CPU
		{CA21B7A5-46C8-461E-8B7A-3F46AD164A5F}.Debug|x86.Build.0 = Debug|Any CPU
		{CA21B7A5-46C8-461E-8B7A-3F46AD164A5F}.Debug|x86.Deploy.0 = Debug|Any CPU
		{CA21B7A5-46C8-461E-8B7A-3F46AD164A5F}.Release|Any CPU.ActiveCfg = Release|Any CPU
		{CA21B7A5-46C8-461E-8B7A-3F46AD164A5F}.Release|Any CPU.Build.0 = Release|Any CPU
		{CA21B7A5-46C8-461E-8B7A-3F46AD164A5F}.Release|Any CPU.Deploy.0 = Release|Any CPU
		{CA21B7A5-46C8-461E-8B7A-3F46AD164A5F}.Release|ARM.ActiveCfg = Release|Any CPU
		{CA21B7A5-46C8-461E-8B7A-3F46AD164A5F}.Release|ARM.Build.0 = Release|Any CPU
		{CA21B7A5-46C8-461E-8B7A-3F46AD164A5F}.Release|ARM.Deploy.0 = Release|Any CPU
		{CA21B7A5-46C8-461E-8B7A-3F46AD164A5F}.Release|iPhone.ActiveCfg = Release|Any CPU
		{CA21B7A5-46C8-461E-8B7A-3F46AD164A5F}.Release|iPhone.Build.0 = Release|Any CPU
		{CA21B7A5-46C8-461E-8B7A-3F46AD164A5F}.Release|iPhone.Deploy.0 = Release|Any CPU
		{CA21B7A5-46C8-461E-8B7A-3F46AD164A5F}.Release|iPhoneSimulator.ActiveCfg = Release|Any CPU
		{CA21B7A5-46C8-461E-8B7A-3F46AD164A5F}.Release|iPhoneSimulator.Build.0 = Release|Any CPU
		{CA21B7A5-46C8-461E-8B7A-3F46AD164A5F}.Release|iPhoneSimulator.Deploy.0 = Release|Any CPU
		{CA21B7A5-46C8-461E-8B7A-3F46AD164A5F}.Release|x64.ActiveCfg = Release|Any CPU
		{CA21B7A5-46C8-461E-8B7A-3F46AD164A5F}.Release|x64.Build.0 = Release|Any CPU
		{CA21B7A5-46C8-461E-8B7A-3F46AD164A5F}.Release|x64.Deploy.0 = Release|Any CPU
		{CA21B7A5-46C8-461E-8B7A-3F46AD164A5F}.Release|x86.ActiveCfg = Release|Any CPU
		{CA21B7A5-46C8-461E-8B7A-3F46AD164A5F}.Release|x86.Build.0 = Release|Any CPU
		{CA21B7A5-46C8-461E-8B7A-3F46AD164A5F}.Release|x86.Deploy.0 = Release|Any CPU
		{AA4118B9-EA57-499C-BF5F-0A5B7AB25C98}.Debug|Any CPU.ActiveCfg = Debug|iPhone
		{AA4118B9-EA57-499C-BF5F-0A5B7AB25C98}.Debug|Any CPU.Build.0 = Debug|iPhone
		{AA4118B9-EA57-499C-BF5F-0A5B7AB25C98}.Debug|Any CPU.Deploy.0 = Debug|iPhone
		{AA4118B9-EA57-499C-BF5F-0A5B7AB25C98}.Debug|ARM.ActiveCfg = Debug|iPhoneSimulator
		{AA4118B9-EA57-499C-BF5F-0A5B7AB25C98}.Debug|ARM.Build.0 = Debug|iPhoneSimulator
		{AA4118B9-EA57-499C-BF5F-0A5B7AB25C98}.Debug|ARM.Deploy.0 = Debug|iPhoneSimulator
		{AA4118B9-EA57-499C-BF5F-0A5B7AB25C98}.Debug|iPhone.ActiveCfg = Debug|iPhone
		{AA4118B9-EA57-499C-BF5F-0A5B7AB25C98}.Debug|iPhone.Build.0 = Debug|iPhone
		{AA4118B9-EA57-499C-BF5F-0A5B7AB25C98}.Debug|iPhone.Deploy.0 = Debug|iPhone
		{AA4118B9-EA57-499C-BF5F-0A5B7AB25C98}.Debug|iPhoneSimulator.ActiveCfg = Debug|iPhoneSimulator
		{AA4118B9-EA57-499C-BF5F-0A5B7AB25C98}.Debug|iPhoneSimulator.Build.0 = Debug|iPhoneSimulator
		{AA4118B9-EA57-499C-BF5F-0A5B7AB25C98}.Debug|iPhoneSimulator.Deploy.0 = Debug|iPhoneSimulator
		{AA4118B9-EA57-499C-BF5F-0A5B7AB25C98}.Debug|x64.ActiveCfg = Debug|iPhone
		{AA4118B9-EA57-499C-BF5F-0A5B7AB25C98}.Debug|x64.Build.0 = Debug|iPhone
		{AA4118B9-EA57-499C-BF5F-0A5B7AB25C98}.Debug|x64.Deploy.0 = Debug|iPhone
		{AA4118B9-EA57-499C-BF5F-0A5B7AB25C98}.Debug|x86.ActiveCfg = Debug|iPhone
		{AA4118B9-EA57-499C-BF5F-0A5B7AB25C98}.Debug|x86.Build.0 = Debug|iPhone
		{AA4118B9-EA57-499C-BF5F-0A5B7AB25C98}.Debug|x86.Deploy.0 = Debug|iPhone
		{AA4118B9-EA57-499C-BF5F-0A5B7AB25C98}.Release|Any CPU.ActiveCfg = Release|iPhone
		{AA4118B9-EA57-499C-BF5F-0A5B7AB25C98}.Release|Any CPU.Build.0 = Release|iPhone
		{AA4118B9-EA57-499C-BF5F-0A5B7AB25C98}.Release|Any CPU.Deploy.0 = Release|iPhone
		{AA4118B9-EA57-499C-BF5F-0A5B7AB25C98}.Release|ARM.ActiveCfg = Release|iPhone
		{AA4118B9-EA57-499C-BF5F-0A5B7AB25C98}.Release|ARM.Build.0 = Release|iPhone
		{AA4118B9-EA57-499C-BF5F-0A5B7AB25C98}.Release|ARM.Deploy.0 = Release|iPhone
		{AA4118B9-EA57-499C-BF5F-0A5B7AB25C98}.Release|iPhone.ActiveCfg = Release|iPhone
		{AA4118B9-EA57-499C-BF5F-0A5B7AB25C98}.Release|iPhone.Build.0 = Release|iPhone
		{AA4118B9-EA57-499C-BF5F-0A5B7AB25C98}.Release|iPhone.Deploy.0 = Release|iPhone
		{AA4118B9-EA57-499C-BF5F-0A5B7AB25C98}.Release|iPhoneSimulator.ActiveCfg = Release|iPhoneSimulator
		{AA4118B9-EA57-499C-BF5F-0A5B7AB25C98}.Release|iPhoneSimulator.Build.0 = Release|iPhoneSimulator
		{AA4118B9-EA57-499C-BF5F-0A5B7AB25C98}.Release|iPhoneSimulator.Deploy.0 = Release|iPhoneSimulator
		{AA4118B9-EA57-499C-BF5F-0A5B7AB25C98}.Release|x64.ActiveCfg = Release|iPhone
		{AA4118B9-EA57-499C-BF5F-0A5B7AB25C98}.Release|x64.Build.0 = Release|iPhone
		{AA4118B9-EA57-499C-BF5F-0A5B7AB25C98}.Release|x64.Deploy.0 = Release|iPhone
		{AA4118B9-EA57-499C-BF5F-0A5B7AB25C98}.Release|x86.ActiveCfg = Release|iPhone
		{AA4118B9-EA57-499C-BF5F-0A5B7AB25C98}.Release|x86.Build.0 = Release|iPhone
		{AA4118B9-EA57-499C-BF5F-0A5B7AB25C98}.Release|x86.Deploy.0 = Release|iPhone
		{1E4EA04C-8DAE-4CF5-853C-832B72221DE1}.Debug|Any CPU.ActiveCfg = Debug|Any CPU
		{1E4EA04C-8DAE-4CF5-853C-832B72221DE1}.Debug|Any CPU.Build.0 = Debug|Any CPU
		{1E4EA04C-8DAE-4CF5-853C-832B72221DE1}.Debug|Any CPU.Deploy.0 = Debug|Any CPU
		{1E4EA04C-8DAE-4CF5-853C-832B72221DE1}.Debug|ARM.ActiveCfg = Debug|Any CPU
		{1E4EA04C-8DAE-4CF5-853C-832B72221DE1}.Debug|ARM.Build.0 = Debug|Any CPU
		{1E4EA04C-8DAE-4CF5-853C-832B72221DE1}.Debug|ARM.Deploy.0 = Debug|Any CPU
		{1E4EA04C-8DAE-4CF5-853C-832B72221DE1}.Debug|iPhone.ActiveCfg = Debug|Any CPU
		{1E4EA04C-8DAE-4CF5-853C-832B72221DE1}.Debug|iPhone.Build.0 = Debug|Any CPU
		{1E4EA04C-8DAE-4CF5-853C-832B72221DE1}.Debug|iPhone.Deploy.0 = Debug|Any CPU
		{1E4EA04C-8DAE-4CF5-853C-832B72221DE1}.Debug|iPhoneSimulator.ActiveCfg = Debug|Any CPU
		{1E4EA04C-8DAE-4CF5-853C-832B72221DE1}.Debug|iPhoneSimulator.Build.0 = Debug|Any CPU
		{1E4EA04C-8DAE-4CF5-853C-832B72221DE1}.Debug|iPhoneSimulator.Deploy.0 = Debug|Any CPU
		{1E4EA04C-8DAE-4CF5-853C-832B72221DE1}.Debug|x64.ActiveCfg = Debug|Any CPU
		{1E4EA04C-8DAE-4CF5-853C-832B72221DE1}.Debug|x64.Build.0 = Debug|Any CPU
		{1E4EA04C-8DAE-4CF5-853C-832B72221DE1}.Debug|x64.Deploy.0 = Debug|Any CPU
		{1E4EA04C-8DAE-4CF5-853C-832B72221DE1}.Debug|x86.ActiveCfg = Debug|Any CPU
		{1E4EA04C-8DAE-4CF5-853C-832B72221DE1}.Debug|x86.Build.0 = Debug|Any CPU
		{1E4EA04C-8DAE-4CF5-853C-832B72221DE1}.Debug|x86.Deploy.0 = Debug|Any CPU
		{1E4EA04C-8DAE-4CF5-853C-832B72221DE1}.Release|Any CPU.ActiveCfg = Release|Any CPU
		{1E4EA04C-8DAE-4CF5-853C-832B72221DE1}.Release|Any CPU.Build.0 = Release|Any CPU
		{1E4EA04C-8DAE-4CF5-853C-832B72221DE1}.Release|Any CPU.Deploy.0 = Release|Any CPU
		{1E4EA04C-8DAE-4CF5-853C-832B72221DE1}.Release|ARM.ActiveCfg = Release|Any CPU
		{1E4EA04C-8DAE-4CF5-853C-832B72221DE1}.Release|ARM.Build.0 = Release|Any CPU
		{1E4EA04C-8DAE-4CF5-853C-832B72221DE1}.Release|ARM.Deploy.0 = Release|Any CPU
		{1E4EA04C-8DAE-4CF5-853C-832B72221DE1}.Release|iPhone.ActiveCfg = Release|Any CPU
		{1E4EA04C-8DAE-4CF5-853C-832B72221DE1}.Release|iPhone.Build.0 = Release|Any CPU
		{1E4EA04C-8DAE-4CF5-853C-832B72221DE1}.Release|iPhone.Deploy.0 = Release|Any CPU
		{1E4EA04C-8DAE-4CF5-853C-832B72221DE1}.Release|iPhoneSimulator.ActiveCfg = Release|Any CPU
		{1E4EA04C-8DAE-4CF5-853C-832B72221DE1}.Release|iPhoneSimulator.Build.0 = Release|Any CPU
		{1E4EA04C-8DAE-4CF5-853C-832B72221DE1}.Release|iPhoneSimulator.Deploy.0 = Release|Any CPU
		{1E4EA04C-8DAE-4CF5-853C-832B72221DE1}.Release|x64.ActiveCfg = Release|Any CPU
		{1E4EA04C-8DAE-4CF5-853C-832B72221DE1}.Release|x64.Build.0 = Release|Any CPU
		{1E4EA04C-8DAE-4CF5-853C-832B72221DE1}.Release|x64.Deploy.0 = Release|Any CPU
		{1E4EA04C-8DAE-4CF5-853C-832B72221DE1}.Release|x86.ActiveCfg = Release|Any CPU
		{1E4EA04C-8DAE-4CF5-853C-832B72221DE1}.Release|x86.Build.0 = Release|Any CPU
		{1E4EA04C-8DAE-4CF5-853C-832B72221DE1}.Release|x86.Deploy.0 = Release|Any CPU
	EndGlobalSection
	GlobalSection(SolutionProperties) = preSolution
		HideSolutionNode = FALSE
	EndGlobalSection
	GlobalSection(ExtensibilityGlobals) = postSolution
		SolutionGuid = {D3B974F9-DD93-4DE6-AAB8-EDBF76EF442C}
	EndGlobalSection
EndGlobal
