
Microsoft Visual Studio Solution File, Format Version 12.00
# Visual Studio Version 16
VisualStudioVersion = 16.0.29102.190
MinimumVisualStudioVersion = 10.0.40219.1
Project("{FAE04EC0-301F-11D3-BF4B-00C04F79EFBC}") = "HalloBinding.UWP", "HalloBinding\HalloBinding.UWP\HalloBinding.UWP.csproj", "{7A460398-1D5B-4B8F-975B-995FBD7A853C}"
EndProject
Project("{FAE04EC0-301F-11D3-BF4B-00C04F79EFBC}") = "HalloBinding.Android", "HalloBinding\HalloBinding.Android\HalloBinding.Android.csproj", "{3DB7AA4B-1588-4392-931C-10A81C43B8D8}"
EndProject
Project("{FAE04EC0-301F-11D3-BF4B-00C04F79EFBC}") = "HalloBinding.iOS", "HalloBinding\HalloBinding.iOS\HalloBinding.iOS.csproj", "{72743037-670A-4EA5-AD39-548D987A463C}"
EndProject
Project("{FAE04EC0-301F-11D3-BF4B-00C04F79EFBC}") = "HalloBinding", "HalloBinding\HalloBinding\HalloBinding.csproj", "{B2BC60A7-A9E2-414B-9650-5B641070A474}"
EndProject
Global
	GlobalSection(SolutionConfigurationPlatforms) = preSolution
		Debug|Any CPU = Debug|Any CPU
		Debug|ARM = Debug|ARM
		Debug|iPhone = Debug|iPhone
		Debug|iPhoneSimulator = Debug|iPhoneSimulator
		Debug|x64 = Debug|x64
		Debug|x86 = Debug|x86
		Release|Any CPU = Release|Any CPU
		Release|ARM = Release|ARM
		Release|iPhone = Release|iPhone
		Release|iPhoneSimulator = Release|iPhoneSimulator
		Release|x64 = Release|x64
		Release|x86 = Release|x86
	EndGlobalSection
	GlobalSection(ProjectConfigurationPlatforms) = postSolution
		{7A460398-1D5B-4B8F-975B-995FBD7A853C}.Debug|Any CPU.ActiveCfg = Debug|x86
		{7A460398-1D5B-4B8F-975B-995FBD7A853C}.Debug|Any CPU.Build.0 = Debug|x86
		{7A460398-1D5B-4B8F-975B-995FBD7A853C}.Debug|Any CPU.Deploy.0 = Debug|x86
		{7A460398-1D5B-4B8F-975B-995FBD7A853C}.Debug|ARM.ActiveCfg = Debug|ARM
		{7A460398-1D5B-4B8F-975B-995FBD7A853C}.Debug|ARM.Build.0 = Debug|ARM
		{7A460398-1D5B-4B8F-975B-995FBD7A853C}.Debug|ARM.Deploy.0 = Debug|ARM
		{7A460398-1D5B-4B8F-975B-995FBD7A853C}.Debug|iPhone.ActiveCfg = Debug|x86
		{7A460398-1D5B-4B8F-975B-995FBD7A853C}.Debug|iPhone.Build.0 = Debug|x86
		{7A460398-1D5B-4B8F-975B-995FBD7A853C}.Debug|iPhone.Deploy.0 = Debug|x86
		{7A460398-1D5B-4B8F-975B-995FBD7A853C}.Debug|iPhoneSimulator.ActiveCfg = Debug|x86
		{7A460398-1D5B-4B8F-975B-995FBD7A853C}.Debug|iPhoneSimulator.Build.0 = Debug|x86
		{7A460398-1D5B-4B8F-975B-995FBD7A853C}.Debug|iPhoneSimulator.Deploy.0 = Debug|x86
		{7A460398-1D5B-4B8F-975B-995FBD7A853C}.Debug|x64.ActiveCfg = Debug|x64
		{7A460398-1D5B-4B8F-975B-995FBD7A853C}.Debug|x64.Build.0 = Debug|x64
		{7A460398-1D5B-4B8F-975B-995FBD7A853C}.Debug|x64.Deploy.0 = Debug|x64
		{7A460398-1D5B-4B8F-975B-995FBD7A853C}.Debug|x86.ActiveCfg = Debug|x86
		{7A460398-1D5B-4B8F-975B-995FBD7A853C}.Debug|x86.Build.0 = Debug|x86
		{7A460398-1D5B-4B8F-975B-995FBD7A853C}.Debug|x86.Deploy.0 = Debug|x86
		{7A460398-1D5B-4B8F-975B-995FBD7A853C}.Release|Any CPU.ActiveCfg = Release|x86
		{7A460398-1D5B-4B8F-975B-995FBD7A853C}.Release|Any CPU.Build.0 = Release|x86
		{7A460398-1D5B-4B8F-975B-995FBD7A853C}.Release|Any CPU.Deploy.0 = Release|x86
		{7A460398-1D5B-4B8F-975B-995FBD7A853C}.Release|ARM.ActiveCfg = Release|ARM
		{7A460398-1D5B-4B8F-975B-995FBD7A853C}.Release|ARM.Build.0 = Release|ARM
		{7A460398-1D5B-4B8F-975B-995FBD7A853C}.Release|ARM.Deploy.0 = Release|ARM
		{7A460398-1D5B-4B8F-975B-995FBD7A853C}.Release|iPhone.ActiveCfg = Release|x86
		{7A460398-1D5B-4B8F-975B-995FBD7A853C}.Release|iPhone.Build.0 = Release|x86
		{7A460398-1D5B-4B8F-975B-995FBD7A853C}.Release|iPhone.Deploy.0 = Release|x86
		{7A460398-1D5B-4B8F-975B-995FBD7A853C}.Release|iPhoneSimulator.ActiveCfg = Release|x86
		{7A460398-1D5B-4B8F-975B-995FBD7A853C}.Release|iPhoneSimulator.Build.0 = Release|x86
		{7A460398-1D5B-4B8F-975B-995FBD7A853C}.Release|iPhoneSimulator.Deploy.0 = Release|x86
		{7A460398-1D5B-4B8F-975B-995FBD7A853C}.Release|x64.ActiveCfg = Release|x64
		{7A460398-1D5B-4B8F-975B-995FBD7A853C}.Release|x64.Build.0 = Release|x64
		{7A460398-1D5B-4B8F-975B-995FBD7A853C}.Release|x64.Deploy.0 = Release|x64
		{7A460398-1D5B-4B8F-975B-995FBD7A853C}.Release|x86.ActiveCfg = Release|x86
		{7A460398-1D5B-4B8F-975B-995FBD7A853C}.Release|x86.Build.0 = Release|x86
		{7A460398-1D5B-4B8F-975B-995FBD7A853C}.Release|x86.Deploy.0 = Release|x86
		{3DB7AA4B-1588-4392-931C-10A81C43B8D8}.Debug|Any CPU.ActiveCfg = Debug|Any CPU
		{3DB7AA4B-1588-4392-931C-10A81C43B8D8}.Debug|Any CPU.Build.0 = Debug|Any CPU
		{3DB7AA4B-1588-4392-931C-10A81C43B8D8}.Debug|Any CPU.Deploy.0 = Debug|Any CPU
		{3DB7AA4B-1588-4392-931C-10A81C43B8D8}.Debug|ARM.ActiveCfg = Debug|Any CPU
		{3DB7AA4B-1588-4392-931C-10A81C43B8D8}.Debug|ARM.Build.0 = Debug|Any CPU
		{3DB7AA4B-1588-4392-931C-10A81C43B8D8}.Debug|ARM.Deploy.0 = Debug|Any CPU
		{3DB7AA4B-1588-4392-931C-10A81C43B8D8}.Debug|iPhone.ActiveCfg = Debug|Any CPU
		{3DB7AA4B-1588-4392-931C-10A81C43B8D8}.Debug|iPhone.Build.0 = Debug|Any CPU
		{3DB7AA4B-1588-4392-931C-10A81C43B8D8}.Debug|iPhone.Deploy.0 = Debug|Any CPU
		{3DB7AA4B-1588-4392-931C-10A81C43B8D8}.Debug|iPhoneSimulator.ActiveCfg = Debug|Any CPU
		{3DB7AA4B-1588-4392-931C-10A81C43B8D8}.Debug|iPhoneSimulator.Build.0 = Debug|Any CPU
		{3DB7AA4B-1588-4392-931C-10A81C43B8D8}.Debug|iPhoneSimulator.Deploy.0 = Debug|Any CPU
		{3DB7AA4B-1588-4392-931C-10A81C43B8D8}.Debug|x64.ActiveCfg = Debug|Any CPU
		{3DB7AA4B-1588-4392-931C-10A81C43B8D8}.Debug|x64.Build.0 = Debug|Any CPU
		{3DB7AA4B-1588-4392-931C-10A81C43B8D8}.Debug|x64.Deploy.0 = Debug|Any CPU
		{3DB7AA4B-1588-4392-931C-10A81C43B8D8}.Debug|x86.ActiveCfg = Debug|Any CPU
		{3DB7AA4B-1588-4392-931C-10A81C43B8D8}.Debug|x86.Build.0 = Debug|Any CPU
		{3DB7AA4B-1588-4392-931C-10A81C43B8D8}.Debug|x86.Deploy.0 = Debug|Any CPU
		{3DB7AA4B-1588-4392-931C-10A81C43B8D8}.Release|Any CPU.ActiveCfg = Release|Any CPU
		{3DB7AA4B-1588-4392-931C-10A81C43B8D8}.Release|Any CPU.Build.0 = Release|Any CPU
		{3DB7AA4B-1588-4392-931C-10A81C43B8D8}.Release|Any CPU.Deploy.0 = Release|Any CPU
		{3DB7AA4B-1588-4392-931C-10A81C43B8D8}.Release|ARM.ActiveCfg = Release|Any CPU
		{3DB7AA4B-1588-4392-931C-10A81C43B8D8}.Release|ARM.Build.0 = Release|Any CPU
		{3DB7AA4B-1588-4392-931C-10A81C43B8D8}.Release|ARM.Deploy.0 = Release|Any CPU
		{3DB7AA4B-1588-4392-931C-10A81C43B8D8}.Release|iPhone.ActiveCfg = Release|Any CPU
		{3DB7AA4B-1588-4392-931C-10A81C43B8D8}.Release|iPhone.Build.0 = Release|Any CPU
		{3DB7AA4B-1588-4392-931C-10A81C43B8D8}.Release|iPhone.Deploy.0 = Release|Any CPU
		{3DB7AA4B-1588-4392-931C-10A81C43B8D8}.Release|iPhoneSimulator.ActiveCfg = Release|Any CPU
		{3DB7AA4B-1588-4392-931C-10A81C43B8D8}.Release|iPhoneSimulator.Build.0 = Release|Any CPU
		{3DB7AA4B-1588-4392-931C-10A81C43B8D8}.Release|iPhoneSimulator.Deploy.0 = Release|Any CPU
		{3DB7AA4B-1588-4392-931C-10A81C43B8D8}.Release|x64.ActiveCfg = Release|Any CPU
		{3DB7AA4B-1588-4392-931C-10A81C43B8D8}.Release|x64.Build.0 = Release|Any CPU
		{3DB7AA4B-1588-4392-931C-10A81C43B8D8}.Release|x64.Deploy.0 = Release|Any CPU
		{3DB7AA4B-1588-4392-931C-10A81C43B8D8}.Release|x86.ActiveCfg = Release|Any CPU
		{3DB7AA4B-1588-4392-931C-10A81C43B8D8}.Release|x86.Build.0 = Release|Any CPU
		{3DB7AA4B-1588-4392-931C-10A81C43B8D8}.Release|x86.Deploy.0 = Release|Any CPU
		{72743037-670A-4EA5-AD39-548D987A463C}.Debug|Any CPU.ActiveCfg = Debug|iPhone
		{72743037-670A-4EA5-AD39-548D987A463C}.Debug|Any CPU.Build.0 = Debug|iPhone
		{72743037-670A-4EA5-AD39-548D987A463C}.Debug|Any CPU.Deploy.0 = Debug|iPhone
		{72743037-670A-4EA5-AD39-548D987A463C}.Debug|ARM.ActiveCfg = Debug|iPhoneSimulator
		{72743037-670A-4EA5-AD39-548D987A463C}.Debug|ARM.Build.0 = Debug|iPhoneSimulator
		{72743037-670A-4EA5-AD39-548D987A463C}.Debug|ARM.Deploy.0 = Debug|iPhoneSimulator
		{72743037-670A-4EA5-AD39-548D987A463C}.Debug|iPhone.ActiveCfg = Debug|iPhone
		{72743037-670A-4EA5-AD39-548D987A463C}.Debug|iPhone.Build.0 = Debug|iPhone
		{72743037-670A-4EA5-AD39-548D987A463C}.Debug|iPhone.Deploy.0 = Debug|iPhone
		{72743037-670A-4EA5-AD39-548D987A463C}.Debug|iPhoneSimulator.ActiveCfg = Debug|iPhoneSimulator
		{72743037-670A-4EA5-AD39-548D987A463C}.Debug|iPhoneSimulator.Build.0 = Debug|iPhoneSimulator
		{72743037-670A-4EA5-AD39-548D987A463C}.Debug|iPhoneSimulator.Deploy.0 = Debug|iPhoneSimulator
		{72743037-670A-4EA5-AD39-548D987A463C}.Debug|x64.ActiveCfg = Debug|iPhone
		{72743037-670A-4EA5-AD39-548D987A463C}.Debug|x64.Build.0 = Debug|iPhone
		{72743037-670A-4EA5-AD39-548D987A463C}.Debug|x64.Deploy.0 = Debug|iPhone
		{72743037-670A-4EA5-AD39-548D987A463C}.Debug|x86.ActiveCfg = Debug|iPhone
		{72743037-670A-4EA5-AD39-548D987A463C}.Debug|x86.Build.0 = Debug|iPhone
		{72743037-670A-4EA5-AD39-548D987A463C}.Debug|x86.Deploy.0 = Debug|iPhone
		{72743037-670A-4EA5-AD39-548D987A463C}.Release|Any CPU.ActiveCfg = Release|iPhone
		{72743037-670A-4EA5-AD39-548D987A463C}.Release|Any CPU.Build.0 = Release|iPhone
		{72743037-670A-4EA5-AD39-548D987A463C}.Release|Any CPU.Deploy.0 = Release|iPhone
		{72743037-670A-4EA5-AD39-548D987A463C}.Release|ARM.ActiveCfg = Release|iPhone
		{72743037-670A-4EA5-AD39-548D987A463C}.Release|ARM.Build.0 = Release|iPhone
		{72743037-670A-4EA5-AD39-548D987A463C}.Release|ARM.Deploy.0 = Release|iPhone
		{72743037-670A-4EA5-AD39-548D987A463C}.Release|iPhone.ActiveCfg = Release|iPhone
		{72743037-670A-4EA5-AD39-548D987A463C}.Release|iPhone.Build.0 = Release|iPhone
		{72743037-670A-4EA5-AD39-548D987A463C}.Release|iPhone.Deploy.0 = Release|iPhone
		{72743037-670A-4EA5-AD39-548D987A463C}.Release|iPhoneSimulator.ActiveCfg = Release|iPhoneSimulator
		{72743037-670A-4EA5-AD39-548D987A463C}.Release|iPhoneSimulator.Build.0 = Release|iPhoneSimulator
		{72743037-670A-4EA5-AD39-548D987A463C}.Release|iPhoneSimulator.Deploy.0 = Release|iPhoneSimulator
		{72743037-670A-4EA5-AD39-548D987A463C}.Release|x64.ActiveCfg = Release|iPhone
		{72743037-670A-4EA5-AD39-548D987A463C}.Release|x64.Build.0 = Release|iPhone
		{72743037-670A-4EA5-AD39-548D987A463C}.Release|x64.Deploy.0 = Release|iPhone
		{72743037-670A-4EA5-AD39-548D987A463C}.Release|x86.ActiveCfg = Release|iPhone
		{72743037-670A-4EA5-AD39-548D987A463C}.Release|x86.Build.0 = Release|iPhone
		{72743037-670A-4EA5-AD39-548D987A463C}.Release|x86.Deploy.0 = Release|iPhone
		{B2BC60A7-A9E2-414B-9650-5B641070A474}.Debug|Any CPU.ActiveCfg = Debug|Any CPU
		{B2BC60A7-A9E2-414B-9650-5B641070A474}.Debug|Any CPU.Build.0 = Debug|Any CPU
		{B2BC60A7-A9E2-414B-9650-5B641070A474}.Debug|Any CPU.Deploy.0 = Debug|Any CPU
		{B2BC60A7-A9E2-414B-9650-5B641070A474}.Debug|ARM.ActiveCfg = Debug|Any CPU
		{B2BC60A7-A9E2-414B-9650-5B641070A474}.Debug|ARM.Build.0 = Debug|Any CPU
		{B2BC60A7-A9E2-414B-9650-5B641070A474}.Debug|ARM.Deploy.0 = Debug|Any CPU
		{B2BC60A7-A9E2-414B-9650-5B641070A474}.Debug|iPhone.ActiveCfg = Debug|Any CPU
		{B2BC60A7-A9E2-414B-9650-5B641070A474}.Debug|iPhone.Build.0 = Debug|Any CPU
		{B2BC60A7-A9E2-414B-9650-5B641070A474}.Debug|iPhone.Deploy.0 = Debug|Any CPU
		{B2BC60A7-A9E2-414B-9650-5B641070A474}.Debug|iPhoneSimulator.ActiveCfg = Debug|Any CPU
		{B2BC60A7-A9E2-414B-9650-5B641070A474}.Debug|iPhoneSimulator.Build.0 = Debug|Any CPU
		{B2BC60A7-A9E2-414B-9650-5B641070A474}.Debug|iPhoneSimulator.Deploy.0 = Debug|Any CPU
		{B2BC60A7-A9E2-414B-9650-5B641070A474}.Debug|x64.ActiveCfg = Debug|Any CPU
		{B2BC60A7-A9E2-414B-9650-5B641070A474}.Debug|x64.Build.0 = Debug|Any CPU
		{B2BC60A7-A9E2-414B-9650-5B641070A474}.Debug|x64.Deploy.0 = Debug|Any CPU
		{B2BC60A7-A9E2-414B-9650-5B641070A474}.Debug|x86.ActiveCfg = Debug|Any CPU
		{B2BC60A7-A9E2-414B-9650-5B641070A474}.Debug|x86.Build.0 = Debug|Any CPU
		{B2BC60A7-A9E2-414B-9650-5B641070A474}.Debug|x86.Deploy.0 = Debug|Any CPU
		{B2BC60A7-A9E2-414B-9650-5B641070A474}.Release|Any CPU.ActiveCfg = Release|Any CPU
		{B2BC60A7-A9E2-414B-9650-5B641070A474}.Release|Any CPU.Build.0 = Release|Any CPU
		{B2BC60A7-A9E2-414B-9650-5B641070A474}.Release|Any CPU.Deploy.0 = Release|Any CPU
		{B2BC60A7-A9E2-414B-9650-5B641070A474}.Release|ARM.ActiveCfg = Release|Any CPU
		{B2BC60A7-A9E2-414B-9650-5B641070A474}.Release|ARM.Build.0 = Release|Any CPU
		{B2BC60A7-A9E2-414B-9650-5B641070A474}.Release|ARM.Deploy.0 = Release|Any CPU
		{B2BC60A7-A9E2-414B-9650-5B641070A474}.Release|iPhone.ActiveCfg = Release|Any CPU
		{B2BC60A7-A9E2-414B-9650-5B641070A474}.Release|iPhone.Build.0 = Release|Any CPU
		{B2BC60A7-A9E2-414B-9650-5B641070A474}.Release|iPhone.Deploy.0 = Release|Any CPU
		{B2BC60A7-A9E2-414B-9650-5B641070A474}.Release|iPhoneSimulator.ActiveCfg = Release|Any CPU
		{B2BC60A7-A9E2-414B-9650-5B641070A474}.Release|iPhoneSimulator.Build.0 = Release|Any CPU
		{B2BC60A7-A9E2-414B-9650-5B641070A474}.Release|iPhoneSimulator.Deploy.0 = Release|Any CPU
		{B2BC60A7-A9E2-414B-9650-5B641070A474}.Release|x64.ActiveCfg = Release|Any CPU
		{B2BC60A7-A9E2-414B-9650-5B641070A474}.Release|x64.Build.0 = Release|Any CPU
		{B2BC60A7-A9E2-414B-9650-5B641070A474}.Release|x64.Deploy.0 = Release|Any CPU
		{B2BC60A7-A9E2-414B-9650-5B641070A474}.Release|x86.ActiveCfg = Release|Any CPU
		{B2BC60A7-A9E2-414B-9650-5B641070A474}.Release|x86.Build.0 = Release|Any CPU
		{B2BC60A7-A9E2-414B-9650-5B641070A474}.Release|x86.Deploy.0 = Release|Any CPU
	EndGlobalSection
	GlobalSection(SolutionProperties) = preSolution
		HideSolutionNode = FALSE
	EndGlobalSection
	GlobalSection(ExtensibilityGlobals) = postSolution
		SolutionGuid = {EDA0902B-4E60-4154-AB4E-EC6AF5A392F0}
	EndGlobalSection
EndGlobal
