
Microsoft Visual Studio Solution File, Format Version 12.00
# Visual Studio Version 16
VisualStudioVersion = 16.0.29102.190
MinimumVisualStudioVersion = 10.0.40219.1
Project("{FAE04EC0-301F-11D3-BF4B-00C04F79EFBC}") = "HalloXForm.UWP", "HalloXForm\HalloXForm.UWP\HalloXForm.UWP.csproj", "{56502137-5244-495F-8628-E5D8F0CB575F}"
EndProject
Project("{FAE04EC0-301F-11D3-BF4B-00C04F79EFBC}") = "HalloXForm.Android", "HalloXForm\HalloXForm.Android\HalloXForm.Android.csproj", "{A11476E4-BCFF-4964-A951-ADEF920900B4}"
EndProject
Project("{FAE04EC0-301F-11D3-BF4B-00C04F79EFBC}") = "HalloXForm.iOS", "HalloXForm\HalloXForm.iOS\HalloXForm.iOS.csproj", "{D80180AC-511F-4C1D-858C-34B5C1AB9DBE}"
EndProject
Project("{FAE04EC0-301F-11D3-BF4B-00C04F79EFBC}") = "HalloXForm", "HalloXForm\HalloXForm\HalloXForm.csproj", "{C9D7995C-2D02-4A07-B23C-AB00A66DDA60}"
EndProject
Global
	GlobalSection(SolutionConfigurationPlatforms) = preSolution
		Debug|Any CPU = Debug|Any CPU
		Debug|ARM = Debug|ARM
		Debug|iPhone = Debug|iPhone
		Debug|iPhoneSimulator = Debug|iPhoneSimulator
		Debug|x64 = Debug|x64
		Debug|x86 = Debug|x86
		Release|Any CPU = Release|Any CPU
		Release|ARM = Release|ARM
		Release|iPhone = Release|iPhone
		Release|iPhoneSimulator = Release|iPhoneSimulator
		Release|x64 = Release|x64
		Release|x86 = Release|x86
	EndGlobalSection
	GlobalSection(ProjectConfigurationPlatforms) = postSolution
		{56502137-5244-495F-8628-E5D8F0CB575F}.Debug|Any CPU.ActiveCfg = Debug|x86
		{56502137-5244-495F-8628-E5D8F0CB575F}.Debug|Any CPU.Build.0 = Debug|x86
		{56502137-5244-495F-8628-E5D8F0CB575F}.Debug|Any CPU.Deploy.0 = Debug|x86
		{56502137-5244-495F-8628-E5D8F0CB575F}.Debug|ARM.ActiveCfg = Debug|ARM
		{56502137-5244-495F-8628-E5D8F0CB575F}.Debug|ARM.Build.0 = Debug|ARM
		{56502137-5244-495F-8628-E5D8F0CB575F}.Debug|ARM.Deploy.0 = Debug|ARM
		{56502137-5244-495F-8628-E5D8F0CB575F}.Debug|iPhone.ActiveCfg = Debug|x86
		{56502137-5244-495F-8628-E5D8F0CB575F}.Debug|iPhone.Build.0 = Debug|x86
		{56502137-5244-495F-8628-E5D8F0CB575F}.Debug|iPhone.Deploy.0 = Debug|x86
		{56502137-5244-495F-8628-E5D8F0CB575F}.Debug|iPhoneSimulator.ActiveCfg = Debug|x86
		{56502137-5244-495F-8628-E5D8F0CB575F}.Debug|iPhoneSimulator.Build.0 = Debug|x86
		{56502137-5244-495F-8628-E5D8F0CB575F}.Debug|iPhoneSimulator.Deploy.0 = Debug|x86
		{56502137-5244-495F-8628-E5D8F0CB575F}.Debug|x64.ActiveCfg = Debug|x64
		{56502137-5244-495F-8628-E5D8F0CB575F}.Debug|x64.Build.0 = Debug|x64
		{56502137-5244-495F-8628-E5D8F0CB575F}.Debug|x64.Deploy.0 = Debug|x64
		{56502137-5244-495F-8628-E5D8F0CB575F}.Debug|x86.ActiveCfg = Debug|x86
		{56502137-5244-495F-8628-E5D8F0CB575F}.Debug|x86.Build.0 = Debug|x86
		{56502137-5244-495F-8628-E5D8F0CB575F}.Debug|x86.Deploy.0 = Debug|x86
		{56502137-5244-495F-8628-E5D8F0CB575F}.Release|Any CPU.ActiveCfg = Release|x86
		{56502137-5244-495F-8628-E5D8F0CB575F}.Release|Any CPU.Build.0 = Release|x86
		{56502137-5244-495F-8628-E5D8F0CB575F}.Release|Any CPU.Deploy.0 = Release|x86
		{56502137-5244-495F-8628-E5D8F0CB575F}.Release|ARM.ActiveCfg = Release|ARM
		{56502137-5244-495F-8628-E5D8F0CB575F}.Release|ARM.Build.0 = Release|ARM
		{56502137-5244-495F-8628-E5D8F0CB575F}.Release|ARM.Deploy.0 = Release|ARM
		{56502137-5244-495F-8628-E5D8F0CB575F}.Release|iPhone.ActiveCfg = Release|x86
		{56502137-5244-495F-8628-E5D8F0CB575F}.Release|iPhone.Build.0 = Release|x86
		{56502137-5244-495F-8628-E5D8F0CB575F}.Release|iPhone.Deploy.0 = Release|x86
		{56502137-5244-495F-8628-E5D8F0CB575F}.Release|iPhoneSimulator.ActiveCfg = Release|x86
		{56502137-5244-495F-8628-E5D8F0CB575F}.Release|iPhoneSimulator.Build.0 = Release|x86
		{56502137-5244-495F-8628-E5D8F0CB575F}.Release|iPhoneSimulator.Deploy.0 = Release|x86
		{56502137-5244-495F-8628-E5D8F0CB575F}.Release|x64.ActiveCfg = Release|x64
		{56502137-5244-495F-8628-E5D8F0CB575F}.Release|x64.Build.0 = Release|x64
		{56502137-5244-495F-8628-E5D8F0CB575F}.Release|x64.Deploy.0 = Release|x64
		{56502137-5244-495F-8628-E5D8F0CB575F}.Release|x86.ActiveCfg = Release|x86
		{56502137-5244-495F-8628-E5D8F0CB575F}.Release|x86.Build.0 = Release|x86
		{56502137-5244-495F-8628-E5D8F0CB575F}.Release|x86.Deploy.0 = Release|x86
		{A11476E4-BCFF-4964-A951-ADEF920900B4}.Debug|Any CPU.ActiveCfg = Debug|Any CPU
		{A11476E4-BCFF-4964-A951-ADEF920900B4}.Debug|Any CPU.Build.0 = Debug|Any CPU
		{A11476E4-BCFF-4964-A951-ADEF920900B4}.Debug|Any CPU.Deploy.0 = Debug|Any CPU
		{A11476E4-BCFF-4964-A951-ADEF920900B4}.Debug|ARM.ActiveCfg = Debug|Any CPU
		{A11476E4-BCFF-4964-A951-ADEF920900B4}.Debug|ARM.Build.0 = Debug|Any CPU
		{A11476E4-BCFF-4964-A951-ADEF920900B4}.Debug|ARM.Deploy.0 = Debug|Any CPU
		{A11476E4-BCFF-4964-A951-ADEF920900B4}.Debug|iPhone.ActiveCfg = Debug|Any CPU
		{A11476E4-BCFF-4964-A951-ADEF920900B4}.Debug|iPhone.Build.0 = Debug|Any CPU
		{A11476E4-BCFF-4964-A951-ADEF920900B4}.Debug|iPhone.Deploy.0 = Debug|Any CPU
		{A11476E4-BCFF-4964-A951-ADEF920900B4}.Debug|iPhoneSimulator.ActiveCfg = Debug|Any CPU
		{A11476E4-BCFF-4964-A951-ADEF920900B4}.Debug|iPhoneSimulator.Build.0 = Debug|Any CPU
		{A11476E4-BCFF-4964-A951-ADEF920900B4}.Debug|iPhoneSimulator.Deploy.0 = Debug|Any CPU
		{A11476E4-BCFF-4964-A951-ADEF920900B4}.Debug|x64.ActiveCfg = Debug|Any CPU
		{A11476E4-BCFF-4964-A951-ADEF920900B4}.Debug|x64.Build.0 = Debug|Any CPU
		{A11476E4-BCFF-4964-A951-ADEF920900B4}.Debug|x64.Deploy.0 = Debug|Any CPU
		{A11476E4-BCFF-4964-A951-ADEF920900B4}.Debug|x86.ActiveCfg = Debug|Any CPU
		{A11476E4-BCFF-4964-A951-ADEF920900B4}.Debug|x86.Build.0 = Debug|Any CPU
		{A11476E4-BCFF-4964-A951-ADEF920900B4}.Debug|x86.Deploy.0 = Debug|Any CPU
		{A11476E4-BCFF-4964-A951-ADEF920900B4}.Release|Any CPU.ActiveCfg = Release|Any CPU
		{A11476E4-BCFF-4964-A951-ADEF920900B4}.Release|Any CPU.Build.0 = Release|Any CPU
		{A11476E4-BCFF-4964-A951-ADEF920900B4}.Release|Any CPU.Deploy.0 = Release|Any CPU
		{A11476E4-BCFF-4964-A951-ADEF920900B4}.Release|ARM.ActiveCfg = Release|Any CPU
		{A11476E4-BCFF-4964-A951-ADEF920900B4}.Release|ARM.Build.0 = Release|Any CPU
		{A11476E4-BCFF-4964-A951-ADEF920900B4}.Release|ARM.Deploy.0 = Release|Any CPU
		{A11476E4-BCFF-4964-A951-ADEF920900B4}.Release|iPhone.ActiveCfg = Release|Any CPU
		{A11476E4-BCFF-4964-A951-ADEF920900B4}.Release|iPhone.Build.0 = Release|Any CPU
		{A11476E4-BCFF-4964-A951-ADEF920900B4}.Release|iPhone.Deploy.0 = Release|Any CPU
		{A11476E4-BCFF-4964-A951-ADEF920900B4}.Release|iPhoneSimulator.ActiveCfg = Release|Any CPU
		{A11476E4-BCFF-4964-A951-ADEF920900B4}.Release|iPhoneSimulator.Build.0 = Release|Any CPU
		{A11476E4-BCFF-4964-A951-ADEF920900B4}.Release|iPhoneSimulator.Deploy.0 = Release|Any CPU
		{A11476E4-BCFF-4964-A951-ADEF920900B4}.Release|x64.ActiveCfg = Release|Any CPU
		{A11476E4-BCFF-4964-A951-ADEF920900B4}.Release|x64.Build.0 = Release|Any CPU
		{A11476E4-BCFF-4964-A951-ADEF920900B4}.Release|x64.Deploy.0 = Release|Any CPU
		{A11476E4-BCFF-4964-A951-ADEF920900B4}.Release|x86.ActiveCfg = Release|Any CPU
		{A11476E4-BCFF-4964-A951-ADEF920900B4}.Release|x86.Build.0 = Release|Any CPU
		{A11476E4-BCFF-4964-A951-ADEF920900B4}.Release|x86.Deploy.0 = Release|Any CPU
		{D80180AC-511F-4C1D-858C-34B5C1AB9DBE}.Debug|Any CPU.ActiveCfg = Debug|iPhone
		{D80180AC-511F-4C1D-858C-34B5C1AB9DBE}.Debug|Any CPU.Build.0 = Debug|iPhone
		{D80180AC-511F-4C1D-858C-34B5C1AB9DBE}.Debug|Any CPU.Deploy.0 = Debug|iPhone
		{D80180AC-511F-4C1D-858C-34B5C1AB9DBE}.Debug|ARM.ActiveCfg = Debug|iPhoneSimulator
		{D80180AC-511F-4C1D-858C-34B5C1AB9DBE}.Debug|ARM.Build.0 = Debug|iPhoneSimulator
		{D80180AC-511F-4C1D-858C-34B5C1AB9DBE}.Debug|ARM.Deploy.0 = Debug|iPhoneSimulator
		{D80180AC-511F-4C1D-858C-34B5C1AB9DBE}.Debug|iPhone.ActiveCfg = Debug|iPhone
		{D80180AC-511F-4C1D-858C-34B5C1AB9DBE}.Debug|iPhone.Build.0 = Debug|iPhone
		{D80180AC-511F-4C1D-858C-34B5C1AB9DBE}.Debug|iPhone.Deploy.0 = Debug|iPhone
		{D80180AC-511F-4C1D-858C-34B5C1AB9DBE}.Debug|iPhoneSimulator.ActiveCfg = Debug|iPhoneSimulator
		{D80180AC-511F-4C1D-858C-34B5C1AB9DBE}.Debug|iPhoneSimulator.Build.0 = Debug|iPhoneSimulator
		{D80180AC-511F-4C1D-858C-34B5C1AB9DBE}.Debug|iPhoneSimulator.Deploy.0 = Debug|iPhoneSimulator
		{D80180AC-511F-4C1D-858C-34B5C1AB9DBE}.Debug|x64.ActiveCfg = Debug|iPhone
		{D80180AC-511F-4C1D-858C-34B5C1AB9DBE}.Debug|x64.Build.0 = Debug|iPhone
		{D80180AC-511F-4C1D-858C-34B5C1AB9DBE}.Debug|x64.Deploy.0 = Debug|iPhone
		{D80180AC-511F-4C1D-858C-34B5C1AB9DBE}.Debug|x86.ActiveCfg = Debug|iPhone
		{D80180AC-511F-4C1D-858C-34B5C1AB9DBE}.Debug|x86.Build.0 = Debug|iPhone
		{D80180AC-511F-4C1D-858C-34B5C1AB9DBE}.Debug|x86.Deploy.0 = Debug|iPhone
		{D80180AC-511F-4C1D-858C-34B5C1AB9DBE}.Release|Any CPU.ActiveCfg = Release|iPhone
		{D80180AC-511F-4C1D-858C-34B5C1AB9DBE}.Release|Any CPU.Build.0 = Release|iPhone
		{D80180AC-511F-4C1D-858C-34B5C1AB9DBE}.Release|Any CPU.Deploy.0 = Release|iPhone
		{D80180AC-511F-4C1D-858C-34B5C1AB9DBE}.Release|ARM.ActiveCfg = Release|iPhone
		{D80180AC-511F-4C1D-858C-34B5C1AB9DBE}.Release|ARM.Build.0 = Release|iPhone
		{D80180AC-511F-4C1D-858C-34B5C1AB9DBE}.Release|ARM.Deploy.0 = Release|iPhone
		{D80180AC-511F-4C1D-858C-34B5C1AB9DBE}.Release|iPhone.ActiveCfg = Release|iPhone
		{D80180AC-511F-4C1D-858C-34B5C1AB9DBE}.Release|iPhone.Build.0 = Release|iPhone
		{D80180AC-511F-4C1D-858C-34B5C1AB9DBE}.Release|iPhone.Deploy.0 = Release|iPhone
		{D80180AC-511F-4C1D-858C-34B5C1AB9DBE}.Release|iPhoneSimulator.ActiveCfg = Release|iPhoneSimulator
		{D80180AC-511F-4C1D-858C-34B5C1AB9DBE}.Release|iPhoneSimulator.Build.0 = Release|iPhoneSimulator
		{D80180AC-511F-4C1D-858C-34B5C1AB9DBE}.Release|iPhoneSimulator.Deploy.0 = Release|iPhoneSimulator
		{D80180AC-511F-4C1D-858C-34B5C1AB9DBE}.Release|x64.ActiveCfg = Release|iPhone
		{D80180AC-511F-4C1D-858C-34B5C1AB9DBE}.Release|x64.Build.0 = Release|iPhone
		{D80180AC-511F-4C1D-858C-34B5C1AB9DBE}.Release|x64.Deploy.0 = Release|iPhone
		{D80180AC-511F-4C1D-858C-34B5C1AB9DBE}.Release|x86.ActiveCfg = Release|iPhone
		{D80180AC-511F-4C1D-858C-34B5C1AB9DBE}.Release|x86.Build.0 = Release|iPhone
		{D80180AC-511F-4C1D-858C-34B5C1AB9DBE}.Release|x86.Deploy.0 = Release|iPhone
		{C9D7995C-2D02-4A07-B23C-AB00A66DDA60}.Debug|Any CPU.ActiveCfg = Debug|Any CPU
		{C9D7995C-2D02-4A07-B23C-AB00A66DDA60}.Debug|Any CPU.Build.0 = Debug|Any CPU
		{C9D7995C-2D02-4A07-B23C-AB00A66DDA60}.Debug|Any CPU.Deploy.0 = Debug|Any CPU
		{C9D7995C-2D02-4A07-B23C-AB00A66DDA60}.Debug|ARM.ActiveCfg = Debug|Any CPU
		{C9D7995C-2D02-4A07-B23C-AB00A66DDA60}.Debug|ARM.Build.0 = Debug|Any CPU
		{C9D7995C-2D02-4A07-B23C-AB00A66DDA60}.Debug|ARM.Deploy.0 = Debug|Any CPU
		{C9D7995C-2D02-4A07-B23C-AB00A66DDA60}.Debug|iPhone.ActiveCfg = Debug|Any CPU
		{C9D7995C-2D02-4A07-B23C-AB00A66DDA60}.Debug|iPhone.Build.0 = Debug|Any CPU
		{C9D7995C-2D02-4A07-B23C-AB00A66DDA60}.Debug|iPhone.Deploy.0 = Debug|Any CPU
		{C9D7995C-2D02-4A07-B23C-AB00A66DDA60}.Debug|iPhoneSimulator.ActiveCfg = Debug|Any CPU
		{C9D7995C-2D02-4A07-B23C-AB00A66DDA60}.Debug|iPhoneSimulator.Build.0 = Debug|Any CPU
		{C9D7995C-2D02-4A07-B23C-AB00A66DDA60}.Debug|iPhoneSimulator.Deploy.0 = Debug|Any CPU
		{C9D7995C-2D02-4A07-B23C-AB00A66DDA60}.Debug|x64.ActiveCfg = Debug|Any CPU
		{C9D7995C-2D02-4A07-B23C-AB00A66DDA60}.Debug|x64.Build.0 = Debug|Any CPU
		{C9D7995C-2D02-4A07-B23C-AB00A66DDA60}.Debug|x64.Deploy.0 = Debug|Any CPU
		{C9D7995C-2D02-4A07-B23C-AB00A66DDA60}.Debug|x86.ActiveCfg = Debug|Any CPU
		{C9D7995C-2D02-4A07-B23C-AB00A66DDA60}.Debug|x86.Build.0 = Debug|Any CPU
		{C9D7995C-2D02-4A07-B23C-AB00A66DDA60}.Debug|x86.Deploy.0 = Debug|Any CPU
		{C9D7995C-2D02-4A07-B23C-AB00A66DDA60}.Release|Any CPU.ActiveCfg = Release|Any CPU
		{C9D7995C-2D02-4A07-B23C-AB00A66DDA60}.Release|Any CPU.Build.0 = Release|Any CPU
		{C9D7995C-2D02-4A07-B23C-AB00A66DDA60}.Release|Any CPU.Deploy.0 = Release|Any CPU
		{C9D7995C-2D02-4A07-B23C-AB00A66DDA60}.Release|ARM.ActiveCfg = Release|Any CPU
		{C9D7995C-2D02-4A07-B23C-AB00A66DDA60}.Release|ARM.Build.0 = Release|Any CPU
		{C9D7995C-2D02-4A07-B23C-AB00A66DDA60}.Release|ARM.Deploy.0 = Release|Any CPU
		{C9D7995C-2D02-4A07-B23C-AB00A66DDA60}.Release|iPhone.ActiveCfg = Release|Any CPU
		{C9D7995C-2D02-4A07-B23C-AB00A66DDA60}.Release|iPhone.Build.0 = Release|Any CPU
		{C9D7995C-2D02-4A07-B23C-AB00A66DDA60}.Release|iPhone.Deploy.0 = Release|Any CPU
		{C9D7995C-2D02-4A07-B23C-AB00A66DDA60}.Release|iPhoneSimulator.ActiveCfg = Release|Any CPU
		{C9D7995C-2D02-4A07-B23C-AB00A66DDA60}.Release|iPhoneSimulator.Build.0 = Release|Any CPU
		{C9D7995C-2D02-4A07-B23C-AB00A66DDA60}.Release|iPhoneSimulator.Deploy.0 = Release|Any CPU
		{C9D7995C-2D02-4A07-B23C-AB00A66DDA60}.Release|x64.ActiveCfg = Release|Any CPU
		{C9D7995C-2D02-4A07-B23C-AB00A66DDA60}.Release|x64.Build.0 = Release|Any CPU
		{C9D7995C-2D02-4A07-B23C-AB00A66DDA60}.Release|x64.Deploy.0 = Release|Any CPU
		{C9D7995C-2D02-4A07-B23C-AB00A66DDA60}.Release|x86.ActiveCfg = Release|Any CPU
		{C9D7995C-2D02-4A07-B23C-AB00A66DDA60}.Release|x86.Build.0 = Release|Any CPU
		{C9D7995C-2D02-4A07-B23C-AB00A66DDA60}.Release|x86.Deploy.0 = Release|Any CPU
	EndGlobalSection
	GlobalSection(SolutionProperties) = preSolution
		HideSolutionNode = FALSE
	EndGlobalSection
	GlobalSection(ExtensibilityGlobals) = postSolution
		SolutionGuid = {718ED030-E407-4EC7-9DD8-11A92711D982}
	EndGlobalSection
EndGlobal
