
Microsoft Visual Studio Solution File, Format Version 12.00
# Visual Studio Version 16
VisualStudioVersion = 16.0.29102.190
MinimumVisualStudioVersion = 10.0.40219.1
Project("{FAE04EC0-301F-11D3-BF4B-00C04F79EFBC}") = "ImageLoader", "ImageLoader\ImageLoader.csproj", "{C8A10FB3-D46F-47FB-9808-330779F38E47}"
EndProject
Global
	GlobalSection(SolutionConfigurationPlatforms) = preSolution
		Debug|Any CPU = Debug|Any CPU
		Release|Any CPU = Release|Any CPU
	EndGlobalSection
	GlobalSection(ProjectConfigurationPlatforms) = postSolution
		{C8A10FB3-D46F-47FB-9808-330779F38E47}.Debug|Any CPU.ActiveCfg = Debug|Any CPU
		{C8A10FB3-D46F-47FB-9808-330779F38E47}.Debug|Any CPU.Build.0 = Debug|Any CPU
		{C8A10FB3-D46F-47FB-9808-330779F38E47}.Debug|Any CPU.Deploy.0 = Debug|Any CPU
		{C8A10FB3-D46F-47FB-9808-330779F38E47}.Release|Any CPU.ActiveCfg = Release|Any CPU
		{C8A10FB3-D46F-47FB-9808-330779F38E47}.Release|Any CPU.Build.0 = Release|Any CPU
		{C8A10FB3-D46F-47FB-9808-330779F38E47}.Release|Any CPU.Deploy.0 = Release|Any CPU
	EndGlobalSection
	GlobalSection(SolutionProperties) = preSolution
		HideSolutionNode = FALSE
	EndGlobalSection
	GlobalSection(ExtensibilityGlobals) = postSolution
		SolutionGuid = {CD15B17A-01DF-4D56-B3AB-ED34C6ECAAC2}
	EndGlobalSection
EndGlobal
