
Microsoft Visual Studio Solution File, Format Version 12.00
# Visual Studio Version 16
VisualStudioVersion = 16.0.29102.190
MinimumVisualStudioVersion = 10.0.40219.1
Project("{FAE04EC0-301F-11D3-BF4B-00C04F79EFBC}") = "HalloImages.UWP", "HalloImages\HalloImages.UWP\HalloImages.UWP.csproj", "{052DE4D9-A751-4F00-879D-04806BF494BC}"
EndProject
Project("{FAE04EC0-301F-11D3-BF4B-00C04F79EFBC}") = "HalloImages.Android", "HalloImages\HalloImages.Android\HalloImages.Android.csproj", "{3C56ABFD-DE5A-4EE9-9EC6-5E94B65F289F}"
EndProject
Project("{FAE04EC0-301F-11D3-BF4B-00C04F79EFBC}") = "HalloImages.iOS", "HalloImages\HalloImages.iOS\HalloImages.iOS.csproj", "{B23E81B6-B4C1-45B3-B58B-024D433F3AAE}"
EndProject
Project("{FAE04EC0-301F-11D3-BF4B-00C04F79EFBC}") = "HalloImages", "HalloImages\HalloImages\HalloImages.csproj", "{1DC61866-3409-41F4-AAD2-46D6375FBA95}"
EndProject
Global
	GlobalSection(SolutionConfigurationPlatforms) = preSolution
		Debug|Any CPU = Debug|Any CPU
		Debug|ARM = Debug|ARM
		Debug|iPhone = Debug|iPhone
		Debug|iPhoneSimulator = Debug|iPhoneSimulator
		Debug|x64 = Debug|x64
		Debug|x86 = Debug|x86
		Release|Any CPU = Release|Any CPU
		Release|ARM = Release|ARM
		Release|iPhone = Release|iPhone
		Release|iPhoneSimulator = Release|iPhoneSimulator
		Release|x64 = Release|x64
		Release|x86 = Release|x86
	EndGlobalSection
	GlobalSection(ProjectConfigurationPlatforms) = postSolution
		{052DE4D9-A751-4F00-879D-04806BF494BC}.Debug|Any CPU.ActiveCfg = Debug|x86
		{052DE4D9-A751-4F00-879D-04806BF494BC}.Debug|Any CPU.Build.0 = Debug|x86
		{052DE4D9-A751-4F00-879D-04806BF494BC}.Debug|Any CPU.Deploy.0 = Debug|x86
		{052DE4D9-A751-4F00-879D-04806BF494BC}.Debug|ARM.ActiveCfg = Debug|ARM
		{052DE4D9-A751-4F00-879D-04806BF494BC}.Debug|ARM.Build.0 = Debug|ARM
		{052DE4D9-A751-4F00-879D-04806BF494BC}.Debug|ARM.Deploy.0 = Debug|ARM
		{052DE4D9-A751-4F00-879D-04806BF494BC}.Debug|iPhone.ActiveCfg = Debug|x86
		{052DE4D9-A751-4F00-879D-04806BF494BC}.Debug|iPhone.Build.0 = Debug|x86
		{052DE4D9-A751-4F00-879D-04806BF494BC}.Debug|iPhone.Deploy.0 = Debug|x86
		{052DE4D9-A751-4F00-879D-04806BF494BC}.Debug|iPhoneSimulator.ActiveCfg = Debug|x86
		{052DE4D9-A751-4F00-879D-04806BF494BC}.Debug|iPhoneSimulator.Build.0 = Debug|x86
		{052DE4D9-A751-4F00-879D-04806BF494BC}.Debug|iPhoneSimulator.Deploy.0 = Debug|x86
		{052DE4D9-A751-4F00-879D-04806BF494BC}.Debug|x64.ActiveCfg = Debug|x64
		{052DE4D9-A751-4F00-879D-04806BF494BC}.Debug|x64.Build.0 = Debug|x64
		{052DE4D9-A751-4F00-879D-04806BF494BC}.Debug|x64.Deploy.0 = Debug|x64
		{052DE4D9-A751-4F00-879D-04806BF494BC}.Debug|x86.ActiveCfg = Debug|x86
		{052DE4D9-A751-4F00-879D-04806BF494BC}.Debug|x86.Build.0 = Debug|x86
		{052DE4D9-A751-4F00-879D-04806BF494BC}.Debug|x86.Deploy.0 = Debug|x86
		{052DE4D9-A751-4F00-879D-04806BF494BC}.Release|Any CPU.ActiveCfg = Release|x86
		{052DE4D9-A751-4F00-879D-04806BF494BC}.Release|Any CPU.Build.0 = Release|x86
		{052DE4D9-A751-4F00-879D-04806BF494BC}.Release|Any CPU.Deploy.0 = Release|x86
		{052DE4D9-A751-4F00-879D-04806BF494BC}.Release|ARM.ActiveCfg = Release|ARM
		{052DE4D9-A751-4F00-879D-04806BF494BC}.Release|ARM.Build.0 = Release|ARM
		{052DE4D9-A751-4F00-879D-04806BF494BC}.Release|ARM.Deploy.0 = Release|ARM
		{052DE4D9-A751-4F00-879D-04806BF494BC}.Release|iPhone.ActiveCfg = Release|x86
		{052DE4D9-A751-4F00-879D-04806BF494BC}.Release|iPhone.Build.0 = Release|x86
		{052DE4D9-A751-4F00-879D-04806BF494BC}.Release|iPhone.Deploy.0 = Release|x86
		{052DE4D9-A751-4F00-879D-04806BF494BC}.Release|iPhoneSimulator.ActiveCfg = Release|x86
		{052DE4D9-A751-4F00-879D-04806BF494BC}.Release|iPhoneSimulator.Build.0 = Release|x86
		{052DE4D9-A751-4F00-879D-04806BF494BC}.Release|iPhoneSimulator.Deploy.0 = Release|x86
		{052DE4D9-A751-4F00-879D-04806BF494BC}.Release|x64.ActiveCfg = Release|x64
		{052DE4D9-A751-4F00-879D-04806BF494BC}.Release|x64.Build.0 = Release|x64
		{052DE4D9-A751-4F00-879D-04806BF494BC}.Release|x64.Deploy.0 = Release|x64
		{052DE4D9-A751-4F00-879D-04806BF494BC}.Release|x86.ActiveCfg = Release|x86
		{052DE4D9-A751-4F00-879D-04806BF494BC}.Release|x86.Build.0 = Release|x86
		{052DE4D9-A751-4F00-879D-04806BF494BC}.Release|x86.Deploy.0 = Release|x86
		{3C56ABFD-DE5A-4EE9-9EC6-5E94B65F289F}.Debug|Any CPU.ActiveCfg = Debug|Any CPU
		{3C56ABFD-DE5A-4EE9-9EC6-5E94B65F289F}.Debug|Any CPU.Build.0 = Debug|Any CPU
		{3C56ABFD-DE5A-4EE9-9EC6-5E94B65F289F}.Debug|Any CPU.Deploy.0 = Debug|Any CPU
		{3C56ABFD-DE5A-4EE9-9EC6-5E94B65F289F}.Debug|ARM.ActiveCfg = Debug|Any CPU
		{3C56ABFD-DE5A-4EE9-9EC6-5E94B65F289F}.Debug|ARM.Build.0 = Debug|Any CPU
		{3C56ABFD-DE5A-4EE9-9EC6-5E94B65F289F}.Debug|ARM.Deploy.0 = Debug|Any CPU
		{3C56ABFD-DE5A-4EE9-9EC6-5E94B65F289F}.Debug|iPhone.ActiveCfg = Debug|Any CPU
		{3C56ABFD-DE5A-4EE9-9EC6-5E94B65F289F}.Debug|iPhone.Build.0 = Debug|Any CPU
		{3C56ABFD-DE5A-4EE9-9EC6-5E94B65F289F}.Debug|iPhone.Deploy.0 = Debug|Any CPU
		{3C56ABFD-DE5A-4EE9-9EC6-5E94B65F289F}.Debug|iPhoneSimulator.ActiveCfg = Debug|Any CPU
		{3C56ABFD-DE5A-4EE9-9EC6-5E94B65F289F}.Debug|iPhoneSimulator.Build.0 = Debug|Any CPU
		{3C56ABFD-DE5A-4EE9-9EC6-5E94B65F289F}.Debug|iPhoneSimulator.Deploy.0 = Debug|Any CPU
		{3C56ABFD-DE5A-4EE9-9EC6-5E94B65F289F}.Debug|x64.ActiveCfg = Debug|Any CPU
		{3C56ABFD-DE5A-4EE9-9EC6-5E94B65F289F}.Debug|x64.Build.0 = Debug|Any CPU
		{3C56ABFD-DE5A-4EE9-9EC6-5E94B65F289F}.Debug|x64.Deploy.0 = Debug|Any CPU
		{3C56ABFD-DE5A-4EE9-9EC6-5E94B65F289F}.Debug|x86.ActiveCfg = Debug|Any CPU
		{3C56ABFD-DE5A-4EE9-9EC6-5E94B65F289F}.Debug|x86.Build.0 = Debug|Any CPU
		{3C56ABFD-DE5A-4EE9-9EC6-5E94B65F289F}.Debug|x86.Deploy.0 = Debug|Any CPU
		{3C56ABFD-DE5A-4EE9-9EC6-5E94B65F289F}.Release|Any CPU.ActiveCfg = Release|Any CPU
		{3C56ABFD-DE5A-4EE9-9EC6-5E94B65F289F}.Release|Any CPU.Build.0 = Release|Any CPU
		{3C56ABFD-DE5A-4EE9-9EC6-5E94B65F289F}.Release|Any CPU.Deploy.0 = Release|Any CPU
		{3C56ABFD-DE5A-4EE9-9EC6-5E94B65F289F}.Release|ARM.ActiveCfg = Release|Any CPU
		{3C56ABFD-DE5A-4EE9-9EC6-5E94B65F289F}.Release|ARM.Build.0 = Release|Any CPU
		{3C56ABFD-DE5A-4EE9-9EC6-5E94B65F289F}.Release|ARM.Deploy.0 = Release|Any CPU
		{3C56ABFD-DE5A-4EE9-9EC6-5E94B65F289F}.Release|iPhone.ActiveCfg = Release|Any CPU
		{3C56ABFD-DE5A-4EE9-9EC6-5E94B65F289F}.Release|iPhone.Build.0 = Release|Any CPU
		{3C56ABFD-DE5A-4EE9-9EC6-5E94B65F289F}.Release|iPhone.Deploy.0 = Release|Any CPU
		{3C56ABFD-DE5A-4EE9-9EC6-5E94B65F289F}.Release|iPhoneSimulator.ActiveCfg = Release|Any CPU
		{3C56ABFD-DE5A-4EE9-9EC6-5E94B65F289F}.Release|iPhoneSimulator.Build.0 = Release|Any CPU
		{3C56ABFD-DE5A-4EE9-9EC6-5E94B65F289F}.Release|iPhoneSimulator.Deploy.0 = Release|Any CPU
		{3C56ABFD-DE5A-4EE9-9EC6-5E94B65F289F}.Release|x64.ActiveCfg = Release|Any CPU
		{3C56ABFD-DE5A-4EE9-9EC6-5E94B65F289F}.Release|x64.Build.0 = Release|Any CPU
		{3C56ABFD-DE5A-4EE9-9EC6-5E94B65F289F}.Release|x64.Deploy.0 = Release|Any CPU
		{3C56ABFD-DE5A-4EE9-9EC6-5E94B65F289F}.Release|x86.ActiveCfg = Release|Any CPU
		{3C56ABFD-DE5A-4EE9-9EC6-5E94B65F289F}.Release|x86.Build.0 = Release|Any CPU
		{3C56ABFD-DE5A-4EE9-9EC6-5E94B65F289F}.Release|x86.Deploy.0 = Release|Any CPU
		{B23E81B6-B4C1-45B3-B58B-024D433F3AAE}.Debug|Any CPU.ActiveCfg = Debug|iPhone
		{B23E81B6-B4C1-45B3-B58B-024D433F3AAE}.Debug|Any CPU.Build.0 = Debug|iPhone
		{B23E81B6-B4C1-45B3-B58B-024D433F3AAE}.Debug|Any CPU.Deploy.0 = Debug|iPhone
		{B23E81B6-B4C1-45B3-B58B-024D433F3AAE}.Debug|ARM.ActiveCfg = Debug|iPhoneSimulator
		{B23E81B6-B4C1-45B3-B58B-024D433F3AAE}.Debug|ARM.Build.0 = Debug|iPhoneSimulator
		{B23E81B6-B4C1-45B3-B58B-024D433F3AAE}.Debug|ARM.Deploy.0 = Debug|iPhoneSimulator
		{B23E81B6-B4C1-45B3-B58B-024D433F3AAE}.Debug|iPhone.ActiveCfg = Debug|iPhone
		{B23E81B6-B4C1-45B3-B58B-024D433F3AAE}.Debug|iPhone.Build.0 = Debug|iPhone
		{B23E81B6-B4C1-45B3-B58B-024D433F3AAE}.Debug|iPhone.Deploy.0 = Debug|iPhone
		{B23E81B6-B4C1-45B3-B58B-024D433F3AAE}.Debug|iPhoneSimulator.ActiveCfg = Debug|iPhoneSimulator
		{B23E81B6-B4C1-45B3-B58B-024D433F3AAE}.Debug|iPhoneSimulator.Build.0 = Debug|iPhoneSimulator
		{B23E81B6-B4C1-45B3-B58B-024D433F3AAE}.Debug|iPhoneSimulator.Deploy.0 = Debug|iPhoneSimulator
		{B23E81B6-B4C1-45B3-B58B-024D433F3AAE}.Debug|x64.ActiveCfg = Debug|iPhone
		{B23E81B6-B4C1-45B3-B58B-024D433F3AAE}.Debug|x64.Build.0 = Debug|iPhone
		{B23E81B6-B4C1-45B3-B58B-024D433F3AAE}.Debug|x64.Deploy.0 = Debug|iPhone
		{B23E81B6-B4C1-45B3-B58B-024D433F3AAE}.Debug|x86.ActiveCfg = Debug|iPhone
		{B23E81B6-B4C1-45B3-B58B-024D433F3AAE}.Debug|x86.Build.0 = Debug|iPhone
		{B23E81B6-B4C1-45B3-B58B-024D433F3AAE}.Debug|x86.Deploy.0 = Debug|iPhone
		{B23E81B6-B4C1-45B3-B58B-024D433F3AAE}.Release|Any CPU.ActiveCfg = Release|iPhone
		{B23E81B6-B4C1-45B3-B58B-024D433F3AAE}.Release|Any CPU.Build.0 = Release|iPhone
		{B23E81B6-B4C1-45B3-B58B-024D433F3AAE}.Release|Any CPU.Deploy.0 = Release|iPhone
		{B23E81B6-B4C1-45B3-B58B-024D433F3AAE}.Release|ARM.ActiveCfg = Release|iPhone
		{B23E81B6-B4C1-45B3-B58B-024D433F3AAE}.Release|ARM.Build.0 = Release|iPhone
		{B23E81B6-B4C1-45B3-B58B-024D433F3AAE}.Release|ARM.Deploy.0 = Release|iPhone
		{B23E81B6-B4C1-45B3-B58B-024D433F3AAE}.Release|iPhone.ActiveCfg = Release|iPhone
		{B23E81B6-B4C1-45B3-B58B-024D433F3AAE}.Release|iPhone.Build.0 = Release|iPhone
		{B23E81B6-B4C1-45B3-B58B-024D433F3AAE}.Release|iPhone.Deploy.0 = Release|iPhone
		{B23E81B6-B4C1-45B3-B58B-024D433F3AAE}.Release|iPhoneSimulator.ActiveCfg = Release|iPhoneSimulator
		{B23E81B6-B4C1-45B3-B58B-024D433F3AAE}.Release|iPhoneSimulator.Build.0 = Release|iPhoneSimulator
		{B23E81B6-B4C1-45B3-B58B-024D433F3AAE}.Release|iPhoneSimulator.Deploy.0 = Release|iPhoneSimulator
		{B23E81B6-B4C1-45B3-B58B-024D433F3AAE}.Release|x64.ActiveCfg = Release|iPhone
		{B23E81B6-B4C1-45B3-B58B-024D433F3AAE}.Release|x64.Build.0 = Release|iPhone
		{B23E81B6-B4C1-45B3-B58B-024D433F3AAE}.Release|x64.Deploy.0 = Release|iPhone
		{B23E81B6-B4C1-45B3-B58B-024D433F3AAE}.Release|x86.ActiveCfg = Release|iPhone
		{B23E81B6-B4C1-45B3-B58B-024D433F3AAE}.Release|x86.Build.0 = Release|iPhone
		{B23E81B6-B4C1-45B3-B58B-024D433F3AAE}.Release|x86.Deploy.0 = Release|iPhone
		{1DC61866-3409-41F4-AAD2-46D6375FBA95}.Debug|Any CPU.ActiveCfg = Debug|Any CPU
		{1DC61866-3409-41F4-AAD2-46D6375FBA95}.Debug|Any CPU.Build.0 = Debug|Any CPU
		{1DC61866-3409-41F4-AAD2-46D6375FBA95}.Debug|Any CPU.Deploy.0 = Debug|Any CPU
		{1DC61866-3409-41F4-AAD2-46D6375FBA95}.Debug|ARM.ActiveCfg = Debug|Any CPU
		{1DC61866-3409-41F4-AAD2-46D6375FBA95}.Debug|ARM.Build.0 = Debug|Any CPU
		{1DC61866-3409-41F4-AAD2-46D6375FBA95}.Debug|ARM.Deploy.0 = Debug|Any CPU
		{1DC61866-3409-41F4-AAD2-46D6375FBA95}.Debug|iPhone.ActiveCfg = Debug|Any CPU
		{1DC61866-3409-41F4-AAD2-46D6375FBA95}.Debug|iPhone.Build.0 = Debug|Any CPU
		{1DC61866-3409-41F4-AAD2-46D6375FBA95}.Debug|iPhone.Deploy.0 = Debug|Any CPU
		{1DC61866-3409-41F4-AAD2-46D6375FBA95}.Debug|iPhoneSimulator.ActiveCfg = Debug|Any CPU
		{1DC61866-3409-41F4-AAD2-46D6375FBA95}.Debug|iPhoneSimulator.Build.0 = Debug|Any CPU
		{1DC61866-3409-41F4-AAD2-46D6375FBA95}.Debug|iPhoneSimulator.Deploy.0 = Debug|Any CPU
		{1DC61866-3409-41F4-AAD2-46D6375FBA95}.Debug|x64.ActiveCfg = Debug|Any CPU
		{1DC61866-3409-41F4-AAD2-46D6375FBA95}.Debug|x64.Build.0 = Debug|Any CPU
		{1DC61866-3409-41F4-AAD2-46D6375FBA95}.Debug|x64.Deploy.0 = Debug|Any CPU
		{1DC61866-3409-41F4-AAD2-46D6375FBA95}.Debug|x86.ActiveCfg = Debug|Any CPU
		{1DC61866-3409-41F4-AAD2-46D6375FBA95}.Debug|x86.Build.0 = Debug|Any CPU
		{1DC61866-3409-41F4-AAD2-46D6375FBA95}.Debug|x86.Deploy.0 = Debug|Any CPU
		{1DC61866-3409-41F4-AAD2-46D6375FBA95}.Release|Any CPU.ActiveCfg = Release|Any CPU
		{1DC61866-3409-41F4-AAD2-46D6375FBA95}.Release|Any CPU.Build.0 = Release|Any CPU
		{1DC61866-3409-41F4-AAD2-46D6375FBA95}.Release|Any CPU.Deploy.0 = Release|Any CPU
		{1DC61866-3409-41F4-AAD2-46D6375FBA95}.Release|ARM.ActiveCfg = Release|Any CPU
		{1DC61866-3409-41F4-AAD2-46D6375FBA95}.Release|ARM.Build.0 = Release|Any CPU
		{1DC61866-3409-41F4-AAD2-46D6375FBA95}.Release|ARM.Deploy.0 = Release|Any CPU
		{1DC61866-3409-41F4-AAD2-46D6375FBA95}.Release|iPhone.ActiveCfg = Release|Any CPU
		{1DC61866-3409-41F4-AAD2-46D6375FBA95}.Release|iPhone.Build.0 = Release|Any CPU
		{1DC61866-3409-41F4-AAD2-46D6375FBA95}.Release|iPhone.Deploy.0 = Release|Any CPU
		{1DC61866-3409-41F4-AAD2-46D6375FBA95}.Release|iPhoneSimulator.ActiveCfg = Release|Any CPU
		{1DC61866-3409-41F4-AAD2-46D6375FBA95}.Release|iPhoneSimulator.Build.0 = Release|Any CPU
		{1DC61866-3409-41F4-AAD2-46D6375FBA95}.Release|iPhoneSimulator.Deploy.0 = Release|Any CPU
		{1DC61866-3409-41F4-AAD2-46D6375FBA95}.Release|x64.ActiveCfg = Release|Any CPU
		{1DC61866-3409-41F4-AAD2-46D6375FBA95}.Release|x64.Build.0 = Release|Any CPU
		{1DC61866-3409-41F4-AAD2-46D6375FBA95}.Release|x64.Deploy.0 = Release|Any CPU
		{1DC61866-3409-41F4-AAD2-46D6375FBA95}.Release|x86.ActiveCfg = Release|Any CPU
		{1DC61866-3409-41F4-AAD2-46D6375FBA95}.Release|x86.Build.0 = Release|Any CPU
		{1DC61866-3409-41F4-AAD2-46D6375FBA95}.Release|x86.Deploy.0 = Release|Any CPU
	EndGlobalSection
	GlobalSection(SolutionProperties) = preSolution
		HideSolutionNode = FALSE
	EndGlobalSection
	GlobalSection(ExtensibilityGlobals) = postSolution
		SolutionGuid = {41DC85C5-813C-449F-98C7-2DFC3B37AB2F}
	EndGlobalSection
EndGlobal
