
Microsoft Visual Studio Solution File, Format Version 12.00
# Visual Studio Version 16
VisualStudioVersion = 16.0.29102.190
MinimumVisualStudioVersion = 10.0.40219.1
Project("{FAE04EC0-301F-11D3-BF4B-00C04F79EFBC}") = "HalloLayout.UWP", "HalloLayout\HalloLayout.UWP\HalloLayout.UWP.csproj", "{8DE1A08C-EE6C-4AD3-83B6-028243DBB519}"
EndProject
Project("{FAE04EC0-301F-11D3-BF4B-00C04F79EFBC}") = "HalloLayout.Android", "HalloLayout\HalloLayout.Android\HalloLayout.Android.csproj", "{9D9FB168-82D7-4B1C-BDE7-C67DF8B03D89}"
EndProject
Project("{FAE04EC0-301F-11D3-BF4B-00C04F79EFBC}") = "HalloLayout.iOS", "HalloLayout\HalloLayout.iOS\HalloLayout.iOS.csproj", "{516FDDA8-D4A0-4306-8F90-E255AAA18D8F}"
EndProject
Project("{FAE04EC0-301F-11D3-BF4B-00C04F79EFBC}") = "HalloLayout", "HalloLayout\HalloLayout\HalloLayout.csproj", "{A6A52E36-9AE8-4F55-851F-269538F8B9AC}"
EndProject
Global
	GlobalSection(SolutionConfigurationPlatforms) = preSolution
		Debug|Any CPU = Debug|Any CPU
		Debug|ARM = Debug|ARM
		Debug|iPhone = Debug|iPhone
		Debug|iPhoneSimulator = Debug|iPhoneSimulator
		Debug|x64 = Debug|x64
		Debug|x86 = Debug|x86
		Release|Any CPU = Release|Any CPU
		Release|ARM = Release|ARM
		Release|iPhone = Release|iPhone
		Release|iPhoneSimulator = Release|iPhoneSimulator
		Release|x64 = Release|x64
		Release|x86 = Release|x86
	EndGlobalSection
	GlobalSection(ProjectConfigurationPlatforms) = postSolution
		{8DE1A08C-EE6C-4AD3-83B6-028243DBB519}.Debug|Any CPU.ActiveCfg = Debug|x86
		{8DE1A08C-EE6C-4AD3-83B6-028243DBB519}.Debug|Any CPU.Build.0 = Debug|x86
		{8DE1A08C-EE6C-4AD3-83B6-028243DBB519}.Debug|Any CPU.Deploy.0 = Debug|x86
		{8DE1A08C-EE6C-4AD3-83B6-028243DBB519}.Debug|ARM.ActiveCfg = Debug|ARM
		{8DE1A08C-EE6C-4AD3-83B6-028243DBB519}.Debug|ARM.Build.0 = Debug|ARM
		{8DE1A08C-EE6C-4AD3-83B6-028243DBB519}.Debug|ARM.Deploy.0 = Debug|ARM
		{8DE1A08C-EE6C-4AD3-83B6-028243DBB519}.Debug|iPhone.ActiveCfg = Debug|x86
		{8DE1A08C-EE6C-4AD3-83B6-028243DBB519}.Debug|iPhone.Build.0 = Debug|x86
		{8DE1A08C-EE6C-4AD3-83B6-028243DBB519}.Debug|iPhone.Deploy.0 = Debug|x86
		{8DE1A08C-EE6C-4AD3-83B6-028243DBB519}.Debug|iPhoneSimulator.ActiveCfg = Debug|x86
		{8DE1A08C-EE6C-4AD3-83B6-028243DBB519}.Debug|iPhoneSimulator.Build.0 = Debug|x86
		{8DE1A08C-EE6C-4AD3-83B6-028243DBB519}.Debug|iPhoneSimulator.Deploy.0 = Debug|x86
		{8DE1A08C-EE6C-4AD3-83B6-028243DBB519}.Debug|x64.ActiveCfg = Debug|x64
		{8DE1A08C-EE6C-4AD3-83B6-028243DBB519}.Debug|x64.Build.0 = Debug|x64
		{8DE1A08C-EE6C-4AD3-83B6-028243DBB519}.Debug|x64.Deploy.0 = Debug|x64
		{8DE1A08C-EE6C-4AD3-83B6-028243DBB519}.Debug|x86.ActiveCfg = Debug|x86
		{8DE1A08C-EE6C-4AD3-83B6-028243DBB519}.Debug|x86.Build.0 = Debug|x86
		{8DE1A08C-EE6C-4AD3-83B6-028243DBB519}.Debug|x86.Deploy.0 = Debug|x86
		{8DE1A08C-EE6C-4AD3-83B6-028243DBB519}.Release|Any CPU.ActiveCfg = Release|x86
		{8DE1A08C-EE6C-4AD3-83B6-028243DBB519}.Release|Any CPU.Build.0 = Release|x86
		{8DE1A08C-EE6C-4AD3-83B6-028243DBB519}.Release|Any CPU.Deploy.0 = Release|x86
		{8DE1A08C-EE6C-4AD3-83B6-028243DBB519}.Release|ARM.ActiveCfg = Release|ARM
		{8DE1A08C-EE6C-4AD3-83B6-028243DBB519}.Release|ARM.Build.0 = Release|ARM
		{8DE1A08C-EE6C-4AD3-83B6-028243DBB519}.Release|ARM.Deploy.0 = Release|ARM
		{8DE1A08C-EE6C-4AD3-83B6-028243DBB519}.Release|iPhone.ActiveCfg = Release|x86
		{8DE1A08C-EE6C-4AD3-83B6-028243DBB519}.Release|iPhone.Build.0 = Release|x86
		{8DE1A08C-EE6C-4AD3-83B6-028243DBB519}.Release|iPhone.Deploy.0 = Release|x86
		{8DE1A08C-EE6C-4AD3-83B6-028243DBB519}.Release|iPhoneSimulator.ActiveCfg = Release|x86
		{8DE1A08C-EE6C-4AD3-83B6-028243DBB519}.Release|iPhoneSimulator.Build.0 = Release|x86
		{8DE1A08C-EE6C-4AD3-83B6-028243DBB519}.Release|iPhoneSimulator.Deploy.0 = Release|x86
		{8DE1A08C-EE6C-4AD3-83B6-028243DBB519}.Release|x64.ActiveCfg = Release|x64
		{8DE1A08C-EE6C-4AD3-83B6-028243DBB519}.Release|x64.Build.0 = Release|x64
		{8DE1A08C-EE6C-4AD3-83B6-028243DBB519}.Release|x64.Deploy.0 = Release|x64
		{8DE1A08C-EE6C-4AD3-83B6-028243DBB519}.Release|x86.ActiveCfg = Release|x86
		{8DE1A08C-EE6C-4AD3-83B6-028243DBB519}.Release|x86.Build.0 = Release|x86
		{8DE1A08C-EE6C-4AD3-83B6-028243DBB519}.Release|x86.Deploy.0 = Release|x86
		{9D9FB168-82D7-4B1C-BDE7-C67DF8B03D89}.Debug|Any CPU.ActiveCfg = Debug|Any CPU
		{9D9FB168-82D7-4B1C-BDE7-C67DF8B03D89}.Debug|Any CPU.Build.0 = Debug|Any CPU
		{9D9FB168-82D7-4B1C-BDE7-C67DF8B03D89}.Debug|Any CPU.Deploy.0 = Debug|Any CPU
		{9D9FB168-82D7-4B1C-BDE7-C67DF8B03D89}.Debug|ARM.ActiveCfg = Debug|Any CPU
		{9D9FB168-82D7-4B1C-BDE7-C67DF8B03D89}.Debug|ARM.Build.0 = Debug|Any CPU
		{9D9FB168-82D7-4B1C-BDE7-C67DF8B03D89}.Debug|ARM.Deploy.0 = Debug|Any CPU
		{9D9FB168-82D7-4B1C-BDE7-C67DF8B03D89}.Debug|iPhone.ActiveCfg = Debug|Any CPU
		{9D9FB168-82D7-4B1C-BDE7-C67DF8B03D89}.Debug|iPhone.Build.0 = Debug|Any CPU
		{9D9FB168-82D7-4B1C-BDE7-C67DF8B03D89}.Debug|iPhone.Deploy.0 = Debug|Any CPU
		{9D9FB168-82D7-4B1C-BDE7-C67DF8B03D89}.Debug|iPhoneSimulator.ActiveCfg = Debug|Any CPU
		{9D9FB168-82D7-4B1C-BDE7-C67DF8B03D89}.Debug|iPhoneSimulator.Build.0 = Debug|Any CPU
		{9D9FB168-82D7-4B1C-BDE7-C67DF8B03D89}.Debug|iPhoneSimulator.Deploy.0 = Debug|Any CPU
		{9D9FB168-82D7-4B1C-BDE7-C67DF8B03D89}.Debug|x64.ActiveCfg = Debug|Any CPU
		{9D9FB168-82D7-4B1C-BDE7-C67DF8B03D89}.Debug|x64.Build.0 = Debug|Any CPU
		{9D9FB168-82D7-4B1C-BDE7-C67DF8B03D89}.Debug|x64.Deploy.0 = Debug|Any CPU
		{9D9FB168-82D7-4B1C-BDE7-C67DF8B03D89}.Debug|x86.ActiveCfg = Debug|Any CPU
		{9D9FB168-82D7-4B1C-BDE7-C67DF8B03D89}.Debug|x86.Build.0 = Debug|Any CPU
		{9D9FB168-82D7-4B1C-BDE7-C67DF8B03D89}.Debug|x86.Deploy.0 = Debug|Any CPU
		{9D9FB168-82D7-4B1C-BDE7-C67DF8B03D89}.Release|Any CPU.ActiveCfg = Release|Any CPU
		{9D9FB168-82D7-4B1C-BDE7-C67DF8B03D89}.Release|Any CPU.Build.0 = Release|Any CPU
		{9D9FB168-82D7-4B1C-BDE7-C67DF8B03D89}.Release|Any CPU.Deploy.0 = Release|Any CPU
		{9D9FB168-82D7-4B1C-BDE7-C67DF8B03D89}.Release|ARM.ActiveCfg = Release|Any CPU
		{9D9FB168-82D7-4B1C-BDE7-C67DF8B03D89}.Release|ARM.Build.0 = Release|Any CPU
		{9D9FB168-82D7-4B1C-BDE7-C67DF8B03D89}.Release|ARM.Deploy.0 = Release|Any CPU
		{9D9FB168-82D7-4B1C-BDE7-C67DF8B03D89}.Release|iPhone.ActiveCfg = Release|Any CPU
		{9D9FB168-82D7-4B1C-BDE7-C67DF8B03D89}.Release|iPhone.Build.0 = Release|Any CPU
		{9D9FB168-82D7-4B1C-BDE7-C67DF8B03D89}.Release|iPhone.Deploy.0 = Release|Any CPU
		{9D9FB168-82D7-4B1C-BDE7-C67DF8B03D89}.Release|iPhoneSimulator.ActiveCfg = Release|Any CPU
		{9D9FB168-82D7-4B1C-BDE7-C67DF8B03D89}.Release|iPhoneSimulator.Build.0 = Release|Any CPU
		{9D9FB168-82D7-4B1C-BDE7-C67DF8B03D89}.Release|iPhoneSimulator.Deploy.0 = Release|Any CPU
		{9D9FB168-82D7-4B1C-BDE7-C67DF8B03D89}.Release|x64.ActiveCfg = Release|Any CPU
		{9D9FB168-82D7-4B1C-BDE7-C67DF8B03D89}.Release|x64.Build.0 = Release|Any CPU
		{9D9FB168-82D7-4B1C-BDE7-C67DF8B03D89}.Release|x64.Deploy.0 = Release|Any CPU
		{9D9FB168-82D7-4B1C-BDE7-C67DF8B03D89}.Release|x86.ActiveCfg = Release|Any CPU
		{9D9FB168-82D7-4B1C-BDE7-C67DF8B03D89}.Release|x86.Build.0 = Release|Any CPU
		{9D9FB168-82D7-4B1C-BDE7-C67DF8B03D89}.Release|x86.Deploy.0 = Release|Any CPU
		{516FDDA8-D4A0-4306-8F90-E255AAA18D8F}.Debug|Any CPU.ActiveCfg = Debug|iPhone
		{516FDDA8-D4A0-4306-8F90-E255AAA18D8F}.Debug|Any CPU.Build.0 = Debug|iPhone
		{516FDDA8-D4A0-4306-8F90-E255AAA18D8F}.Debug|Any CPU.Deploy.0 = Debug|iPhone
		{516FDDA8-D4A0-4306-8F90-E255AAA18D8F}.Debug|ARM.ActiveCfg = Debug|iPhoneSimulator
		{516FDDA8-D4A0-4306-8F90-E255AAA18D8F}.Debug|ARM.Build.0 = Debug|iPhoneSimulator
		{516FDDA8-D4A0-4306-8F90-E255AAA18D8F}.Debug|ARM.Deploy.0 = Debug|iPhoneSimulator
		{516FDDA8-D4A0-4306-8F90-E255AAA18D8F}.Debug|iPhone.ActiveCfg = Debug|iPhone
		{516FDDA8-D4A0-4306-8F90-E255AAA18D8F}.Debug|iPhone.Build.0 = Debug|iPhone
		{516FDDA8-D4A0-4306-8F90-E255AAA18D8F}.Debug|iPhone.Deploy.0 = Debug|iPhone
		{516FDDA8-D4A0-4306-8F90-E255AAA18D8F}.Debug|iPhoneSimulator.ActiveCfg = Debug|iPhoneSimulator
		{516FDDA8-D4A0-4306-8F90-E255AAA18D8F}.Debug|iPhoneSimulator.Build.0 = Debug|iPhoneSimulator
		{516FDDA8-D4A0-4306-8F90-E255AAA18D8F}.Debug|iPhoneSimulator.Deploy.0 = Debug|iPhoneSimulator
		{516FDDA8-D4A0-4306-8F90-E255AAA18D8F}.Debug|x64.ActiveCfg = Debug|iPhone
		{516FDDA8-D4A0-4306-8F90-E255AAA18D8F}.Debug|x64.Build.0 = Debug|iPhone
		{516FDDA8-D4A0-4306-8F90-E255AAA18D8F}.Debug|x64.Deploy.0 = Debug|iPhone
		{516FDDA8-D4A0-4306-8F90-E255AAA18D8F}.Debug|x86.ActiveCfg = Debug|iPhone
		{516FDDA8-D4A0-4306-8F90-E255AAA18D8F}.Debug|x86.Build.0 = Debug|iPhone
		{516FDDA8-D4A0-4306-8F90-E255AAA18D8F}.Debug|x86.Deploy.0 = Debug|iPhone
		{516FDDA8-D4A0-4306-8F90-E255AAA18D8F}.Release|Any CPU.ActiveCfg = Release|iPhone
		{516FDDA8-D4A0-4306-8F90-E255AAA18D8F}.Release|Any CPU.Build.0 = Release|iPhone
		{516FDDA8-D4A0-4306-8F90-E255AAA18D8F}.Release|Any CPU.Deploy.0 = Release|iPhone
		{516FDDA8-D4A0-4306-8F90-E255AAA18D8F}.Release|ARM.ActiveCfg = Release|iPhone
		{516FDDA8-D4A0-4306-8F90-E255AAA18D8F}.Release|ARM.Build.0 = Release|iPhone
		{516FDDA8-D4A0-4306-8F90-E255AAA18D8F}.Release|ARM.Deploy.0 = Release|iPhone
		{516FDDA8-D4A0-4306-8F90-E255AAA18D8F}.Release|iPhone.ActiveCfg = Release|iPhone
		{516FDDA8-D4A0-4306-8F90-E255AAA18D8F}.Release|iPhone.Build.0 = Release|iPhone
		{516FDDA8-D4A0-4306-8F90-E255AAA18D8F}.Release|iPhone.Deploy.0 = Release|iPhone
		{516FDDA8-D4A0-4306-8F90-E255AAA18D8F}.Release|iPhoneSimulator.ActiveCfg = Release|iPhoneSimulator
		{516FDDA8-D4A0-4306-8F90-E255AAA18D8F}.Release|iPhoneSimulator.Build.0 = Release|iPhoneSimulator
		{516FDDA8-D4A0-4306-8F90-E255AAA18D8F}.Release|iPhoneSimulator.Deploy.0 = Release|iPhoneSimulator
		{516FDDA8-D4A0-4306-8F90-E255AAA18D8F}.Release|x64.ActiveCfg = Release|iPhone
		{516FDDA8-D4A0-4306-8F90-E255AAA18D8F}.Release|x64.Build.0 = Release|iPhone
		{516FDDA8-D4A0-4306-8F90-E255AAA18D8F}.Release|x64.Deploy.0 = Release|iPhone
		{516FDDA8-D4A0-4306-8F90-E255AAA18D8F}.Release|x86.ActiveCfg = Release|iPhone
		{516FDDA8-D4A0-4306-8F90-E255AAA18D8F}.Release|x86.Build.0 = Release|iPhone
		{516FDDA8-D4A0-4306-8F90-E255AAA18D8F}.Release|x86.Deploy.0 = Release|iPhone
		{A6A52E36-9AE8-4F55-851F-269538F8B9AC}.Debug|Any CPU.ActiveCfg = Debug|Any CPU
		{A6A52E36-9AE8-4F55-851F-269538F8B9AC}.Debug|Any CPU.Build.0 = Debug|Any CPU
		{A6A52E36-9AE8-4F55-851F-269538F8B9AC}.Debug|Any CPU.Deploy.0 = Debug|Any CPU
		{A6A52E36-9AE8-4F55-851F-269538F8B9AC}.Debug|ARM.ActiveCfg = Debug|Any CPU
		{A6A52E36-9AE8-4F55-851F-269538F8B9AC}.Debug|ARM.Build.0 = Debug|Any CPU
		{A6A52E36-9AE8-4F55-851F-269538F8B9AC}.Debug|ARM.Deploy.0 = Debug|Any CPU
		{A6A52E36-9AE8-4F55-851F-269538F8B9AC}.Debug|iPhone.ActiveCfg = Debug|Any CPU
		{A6A52E36-9AE8-4F55-851F-269538F8B9AC}.Debug|iPhone.Build.0 = Debug|Any CPU
		{A6A52E36-9AE8-4F55-851F-269538F8B9AC}.Debug|iPhone.Deploy.0 = Debug|Any CPU
		{A6A52E36-9AE8-4F55-851F-269538F8B9AC}.Debug|iPhoneSimulator.ActiveCfg = Debug|Any CPU
		{A6A52E36-9AE8-4F55-851F-269538F8B9AC}.Debug|iPhoneSimulator.Build.0 = Debug|Any CPU
		{A6A52E36-9AE8-4F55-851F-269538F8B9AC}.Debug|iPhoneSimulator.Deploy.0 = Debug|Any CPU
		{A6A52E36-9AE8-4F55-851F-269538F8B9AC}.Debug|x64.ActiveCfg = Debug|Any CPU
		{A6A52E36-9AE8-4F55-851F-269538F8B9AC}.Debug|x64.Build.0 = Debug|Any CPU
		{A6A52E36-9AE8-4F55-851F-269538F8B9AC}.Debug|x64.Deploy.0 = Debug|Any CPU
		{A6A52E36-9AE8-4F55-851F-269538F8B9AC}.Debug|x86.ActiveCfg = Debug|Any CPU
		{A6A52E36-9AE8-4F55-851F-269538F8B9AC}.Debug|x86.Build.0 = Debug|Any CPU
		{A6A52E36-9AE8-4F55-851F-269538F8B9AC}.Debug|x86.Deploy.0 = Debug|Any CPU
		{A6A52E36-9AE8-4F55-851F-269538F8B9AC}.Release|Any CPU.ActiveCfg = Release|Any CPU
		{A6A52E36-9AE8-4F55-851F-269538F8B9AC}.Release|Any CPU.Build.0 = Release|Any CPU
		{A6A52E36-9AE8-4F55-851F-269538F8B9AC}.Release|Any CPU.Deploy.0 = Release|Any CPU
		{A6A52E36-9AE8-4F55-851F-269538F8B9AC}.Release|ARM.ActiveCfg = Release|Any CPU
		{A6A52E36-9AE8-4F55-851F-269538F8B9AC}.Release|ARM.Build.0 = Release|Any CPU
		{A6A52E36-9AE8-4F55-851F-269538F8B9AC}.Release|ARM.Deploy.0 = Release|Any CPU
		{A6A52E36-9AE8-4F55-851F-269538F8B9AC}.Release|iPhone.ActiveCfg = Release|Any CPU
		{A6A52E36-9AE8-4F55-851F-269538F8B9AC}.Release|iPhone.Build.0 = Release|Any CPU
		{A6A52E36-9AE8-4F55-851F-269538F8B9AC}.Release|iPhone.Deploy.0 = Release|Any CPU
		{A6A52E36-9AE8-4F55-851F-269538F8B9AC}.Release|iPhoneSimulator.ActiveCfg = Release|Any CPU
		{A6A52E36-9AE8-4F55-851F-269538F8B9AC}.Release|iPhoneSimulator.Build.0 = Release|Any CPU
		{A6A52E36-9AE8-4F55-851F-269538F8B9AC}.Release|iPhoneSimulator.Deploy.0 = Release|Any CPU
		{A6A52E36-9AE8-4F55-851F-269538F8B9AC}.Release|x64.ActiveCfg = Release|Any CPU
		{A6A52E36-9AE8-4F55-851F-269538F8B9AC}.Release|x64.Build.0 = Release|Any CPU
		{A6A52E36-9AE8-4F55-851F-269538F8B9AC}.Release|x64.Deploy.0 = Release|Any CPU
		{A6A52E36-9AE8-4F55-851F-269538F8B9AC}.Release|x86.ActiveCfg = Release|Any CPU
		{A6A52E36-9AE8-4F55-851F-269538F8B9AC}.Release|x86.Build.0 = Release|Any CPU
		{A6A52E36-9AE8-4F55-851F-269538F8B9AC}.Release|x86.Deploy.0 = Release|Any CPU
	EndGlobalSection
	GlobalSection(SolutionProperties) = preSolution
		HideSolutionNode = FALSE
	EndGlobalSection
	GlobalSection(ExtensibilityGlobals) = postSolution
		SolutionGuid = {D1846C59-41DF-481D-97B0-936A39C70496}
	EndGlobalSection
EndGlobal
