
Microsoft Visual Studio Solution File, Format Version 12.00
# Visual Studio Version 16
VisualStudioVersion = 16.0.29102.190
MinimumVisualStudioVersion = 10.0.40219.1
Project("{FAE04EC0-301F-11D3-BF4B-00C04F79EFBC}") = "HalloI18n.UWP", "HalloI18n\HalloI18n.UWP\HalloI18n.UWP.csproj", "{18F63C9C-F69C-4237-91BE-3B1530540E40}"
EndProject
Project("{FAE04EC0-301F-11D3-BF4B-00C04F79EFBC}") = "HalloI18n.Android", "HalloI18n\HalloI18n.Android\HalloI18n.Android.csproj", "{5713FEE1-64CD-4B7C-8D13-851883FA576A}"
EndProject
Project("{FAE04EC0-301F-11D3-BF4B-00C04F79EFBC}") = "HalloI18n.iOS", "HalloI18n\HalloI18n.iOS\HalloI18n.iOS.csproj", "{605F5C3B-85B7-4EC4-8D0A-A7CDCF7F14BE}"
EndProject
Project("{FAE04EC0-301F-11D3-BF4B-00C04F79EFBC}") = "HalloI18n", "HalloI18n\HalloI18n\HalloI18n.csproj", "{24BE0141-4F67-44BB-851A-B7259F03160A}"
EndProject
Global
	GlobalSection(SolutionConfigurationPlatforms) = preSolution
		Debug|Any CPU = Debug|Any CPU
		Debug|ARM = Debug|ARM
		Debug|iPhone = Debug|iPhone
		Debug|iPhoneSimulator = Debug|iPhoneSimulator
		Debug|x64 = Debug|x64
		Debug|x86 = Debug|x86
		Release|Any CPU = Release|Any CPU
		Release|ARM = Release|ARM
		Release|iPhone = Release|iPhone
		Release|iPhoneSimulator = Release|iPhoneSimulator
		Release|x64 = Release|x64
		Release|x86 = Release|x86
	EndGlobalSection
	GlobalSection(ProjectConfigurationPlatforms) = postSolution
		{18F63C9C-F69C-4237-91BE-3B1530540E40}.Debug|Any CPU.ActiveCfg = Debug|x86
		{18F63C9C-F69C-4237-91BE-3B1530540E40}.Debug|Any CPU.Build.0 = Debug|x86
		{18F63C9C-F69C-4237-91BE-3B1530540E40}.Debug|Any CPU.Deploy.0 = Debug|x86
		{18F63C9C-F69C-4237-91BE-3B1530540E40}.Debug|ARM.ActiveCfg = Debug|ARM
		{18F63C9C-F69C-4237-91BE-3B1530540E40}.Debug|ARM.Build.0 = Debug|ARM
		{18F63C9C-F69C-4237-91BE-3B1530540E40}.Debug|ARM.Deploy.0 = Debug|ARM
		{18F63C9C-F69C-4237-91BE-3B1530540E40}.Debug|iPhone.ActiveCfg = Debug|x86
		{18F63C9C-F69C-4237-91BE-3B1530540E40}.Debug|iPhone.Build.0 = Debug|x86
		{18F63C9C-F69C-4237-91BE-3B1530540E40}.Debug|iPhone.Deploy.0 = Debug|x86
		{18F63C9C-F69C-4237-91BE-3B1530540E40}.Debug|iPhoneSimulator.ActiveCfg = Debug|x86
		{18F63C9C-F69C-4237-91BE-3B1530540E40}.Debug|iPhoneSimulator.Build.0 = Debug|x86
		{18F63C9C-F69C-4237-91BE-3B1530540E40}.Debug|iPhoneSimulator.Deploy.0 = Debug|x86
		{18F63C9C-F69C-4237-91BE-3B1530540E40}.Debug|x64.ActiveCfg = Debug|x64
		{18F63C9C-F69C-4237-91BE-3B1530540E40}.Debug|x64.Build.0 = Debug|x64
		{18F63C9C-F69C-4237-91BE-3B1530540E40}.Debug|x64.Deploy.0 = Debug|x64
		{18F63C9C-F69C-4237-91BE-3B1530540E40}.Debug|x86.ActiveCfg = Debug|x86
		{18F63C9C-F69C-4237-91BE-3B1530540E40}.Debug|x86.Build.0 = Debug|x86
		{18F63C9C-F69C-4237-91BE-3B1530540E40}.Debug|x86.Deploy.0 = Debug|x86
		{18F63C9C-F69C-4237-91BE-3B1530540E40}.Release|Any CPU.ActiveCfg = Release|x86
		{18F63C9C-F69C-4237-91BE-3B1530540E40}.Release|Any CPU.Build.0 = Release|x86
		{18F63C9C-F69C-4237-91BE-3B1530540E40}.Release|Any CPU.Deploy.0 = Release|x86
		{18F63C9C-F69C-4237-91BE-3B1530540E40}.Release|ARM.ActiveCfg = Release|ARM
		{18F63C9C-F69C-4237-91BE-3B1530540E40}.Release|ARM.Build.0 = Release|ARM
		{18F63C9C-F69C-4237-91BE-3B1530540E40}.Release|ARM.Deploy.0 = Release|ARM
		{18F63C9C-F69C-4237-91BE-3B1530540E40}.Release|iPhone.ActiveCfg = Release|x86
		{18F63C9C-F69C-4237-91BE-3B1530540E40}.Release|iPhone.Build.0 = Release|x86
		{18F63C9C-F69C-4237-91BE-3B1530540E40}.Release|iPhone.Deploy.0 = Release|x86
		{18F63C9C-F69C-4237-91BE-3B1530540E40}.Release|iPhoneSimulator.ActiveCfg = Release|x86
		{18F63C9C-F69C-4237-91BE-3B1530540E40}.Release|iPhoneSimulator.Build.0 = Release|x86
		{18F63C9C-F69C-4237-91BE-3B1530540E40}.Release|iPhoneSimulator.Deploy.0 = Release|x86
		{18F63C9C-F69C-4237-91BE-3B1530540E40}.Release|x64.ActiveCfg = Release|x64
		{18F63C9C-F69C-4237-91BE-3B1530540E40}.Release|x64.Build.0 = Release|x64
		{18F63C9C-F69C-4237-91BE-3B1530540E40}.Release|x64.Deploy.0 = Release|x64
		{18F63C9C-F69C-4237-91BE-3B1530540E40}.Release|x86.ActiveCfg = Release|x86
		{18F63C9C-F69C-4237-91BE-3B1530540E40}.Release|x86.Build.0 = Release|x86
		{18F63C9C-F69C-4237-91BE-3B1530540E40}.Release|x86.Deploy.0 = Release|x86
		{5713FEE1-64CD-4B7C-8D13-851883FA576A}.Debug|Any CPU.ActiveCfg = Debug|Any CPU
		{5713FEE1-64CD-4B7C-8D13-851883FA576A}.Debug|Any CPU.Build.0 = Debug|Any CPU
		{5713FEE1-64CD-4B7C-8D13-851883FA576A}.Debug|Any CPU.Deploy.0 = Debug|Any CPU
		{5713FEE1-64CD-4B7C-8D13-851883FA576A}.Debug|ARM.ActiveCfg = Debug|Any CPU
		{5713FEE1-64CD-4B7C-8D13-851883FA576A}.Debug|ARM.Build.0 = Debug|Any CPU
		{5713FEE1-64CD-4B7C-8D13-851883FA576A}.Debug|ARM.Deploy.0 = Debug|Any CPU
		{5713FEE1-64CD-4B7C-8D13-851883FA576A}.Debug|iPhone.ActiveCfg = Debug|Any CPU
		{5713FEE1-64CD-4B7C-8D13-851883FA576A}.Debug|iPhone.Build.0 = Debug|Any CPU
		{5713FEE1-64CD-4B7C-8D13-851883FA576A}.Debug|iPhone.Deploy.0 = Debug|Any CPU
		{5713FEE1-64CD-4B7C-8D13-851883FA576A}.Debug|iPhoneSimulator.ActiveCfg = Debug|Any CPU
		{5713FEE1-64CD-4B7C-8D13-851883FA576A}.Debug|iPhoneSimulator.Build.0 = Debug|Any CPU
		{5713FEE1-64CD-4B7C-8D13-851883FA576A}.Debug|iPhoneSimulator.Deploy.0 = Debug|Any CPU
		{5713FEE1-64CD-4B7C-8D13-851883FA576A}.Debug|x64.ActiveCfg = Debug|Any CPU
		{5713FEE1-64CD-4B7C-8D13-851883FA576A}.Debug|x64.Build.0 = Debug|Any CPU
		{5713FEE1-64CD-4B7C-8D13-851883FA576A}.Debug|x64.Deploy.0 = Debug|Any CPU
		{5713FEE1-64CD-4B7C-8D13-851883FA576A}.Debug|x86.ActiveCfg = Debug|Any CPU
		{5713FEE1-64CD-4B7C-8D13-851883FA576A}.Debug|x86.Build.0 = Debug|Any CPU
		{5713FEE1-64CD-4B7C-8D13-851883FA576A}.Debug|x86.Deploy.0 = Debug|Any CPU
		{5713FEE1-64CD-4B7C-8D13-851883FA576A}.Release|Any CPU.ActiveCfg = Release|Any CPU
		{5713FEE1-64CD-4B7C-8D13-851883FA576A}.Release|Any CPU.Build.0 = Release|Any CPU
		{5713FEE1-64CD-4B7C-8D13-851883FA576A}.Release|Any CPU.Deploy.0 = Release|Any CPU
		{5713FEE1-64CD-4B7C-8D13-851883FA576A}.Release|ARM.ActiveCfg = Release|Any CPU
		{5713FEE1-64CD-4B7C-8D13-851883FA576A}.Release|ARM.Build.0 = Release|Any CPU
		{5713FEE1-64CD-4B7C-8D13-851883FA576A}.Release|ARM.Deploy.0 = Release|Any CPU
		{5713FEE1-64CD-4B7C-8D13-851883FA576A}.Release|iPhone.ActiveCfg = Release|Any CPU
		{5713FEE1-64CD-4B7C-8D13-851883FA576A}.Release|iPhone.Build.0 = Release|Any CPU
		{5713FEE1-64CD-4B7C-8D13-851883FA576A}.Release|iPhone.Deploy.0 = Release|Any CPU
		{5713FEE1-64CD-4B7C-8D13-851883FA576A}.Release|iPhoneSimulator.ActiveCfg = Release|Any CPU
		{5713FEE1-64CD-4B7C-8D13-851883FA576A}.Release|iPhoneSimulator.Build.0 = Release|Any CPU
		{5713FEE1-64CD-4B7C-8D13-851883FA576A}.Release|iPhoneSimulator.Deploy.0 = Release|Any CPU
		{5713FEE1-64CD-4B7C-8D13-851883FA576A}.Release|x64.ActiveCfg = Release|Any CPU
		{5713FEE1-64CD-4B7C-8D13-851883FA576A}.Release|x64.Build.0 = Release|Any CPU
		{5713FEE1-64CD-4B7C-8D13-851883FA576A}.Release|x64.Deploy.0 = Release|Any CPU
		{5713FEE1-64CD-4B7C-8D13-851883FA576A}.Release|x86.ActiveCfg = Release|Any CPU
		{5713FEE1-64CD-4B7C-8D13-851883FA576A}.Release|x86.Build.0 = Release|Any CPU
		{5713FEE1-64CD-4B7C-8D13-851883FA576A}.Release|x86.Deploy.0 = Release|Any CPU
		{605F5C3B-85B7-4EC4-8D0A-A7CDCF7F14BE}.Debug|Any CPU.ActiveCfg = Debug|iPhone
		{605F5C3B-85B7-4EC4-8D0A-A7CDCF7F14BE}.Debug|Any CPU.Build.0 = Debug|iPhone
		{605F5C3B-85B7-4EC4-8D0A-A7CDCF7F14BE}.Debug|Any CPU.Deploy.0 = Debug|iPhone
		{605F5C3B-85B7-4EC4-8D0A-A7CDCF7F14BE}.Debug|ARM.ActiveCfg = Debug|iPhoneSimulator
		{605F5C3B-85B7-4EC4-8D0A-A7CDCF7F14BE}.Debug|ARM.Build.0 = Debug|iPhoneSimulator
		{605F5C3B-85B7-4EC4-8D0A-A7CDCF7F14BE}.Debug|ARM.Deploy.0 = Debug|iPhoneSimulator
		{605F5C3B-85B7-4EC4-8D0A-A7CDCF7F14BE}.Debug|iPhone.ActiveCfg = Debug|iPhone
		{605F5C3B-85B7-4EC4-8D0A-A7CDCF7F14BE}.Debug|iPhone.Build.0 = Debug|iPhone
		{605F5C3B-85B7-4EC4-8D0A-A7CDCF7F14BE}.Debug|iPhone.Deploy.0 = Debug|iPhone
		{605F5C3B-85B7-4EC4-8D0A-A7CDCF7F14BE}.Debug|iPhoneSimulator.ActiveCfg = Debug|iPhoneSimulator
		{605F5C3B-85B7-4EC4-8D0A-A7CDCF7F14BE}.Debug|iPhoneSimulator.Build.0 = Debug|iPhoneSimulator
		{605F5C3B-85B7-4EC4-8D0A-A7CDCF7F14BE}.Debug|iPhoneSimulator.Deploy.0 = Debug|iPhoneSimulator
		{605F5C3B-85B7-4EC4-8D0A-A7CDCF7F14BE}.Debug|x64.ActiveCfg = Debug|iPhone
		{605F5C3B-85B7-4EC4-8D0A-A7CDCF7F14BE}.Debug|x64.Build.0 = Debug|iPhone
		{605F5C3B-85B7-4EC4-8D0A-A7CDCF7F14BE}.Debug|x64.Deploy.0 = Debug|iPhone
		{605F5C3B-85B7-4EC4-8D0A-A7CDCF7F14BE}.Debug|x86.ActiveCfg = Debug|iPhone
		{605F5C3B-85B7-4EC4-8D0A-A7CDCF7F14BE}.Debug|x86.Build.0 = Debug|iPhone
		{605F5C3B-85B7-4EC4-8D0A-A7CDCF7F14BE}.Debug|x86.Deploy.0 = Debug|iPhone
		{605F5C3B-85B7-4EC4-8D0A-A7CDCF7F14BE}.Release|Any CPU.ActiveCfg = Release|iPhone
		{605F5C3B-85B7-4EC4-8D0A-A7CDCF7F14BE}.Release|Any CPU.Build.0 = Release|iPhone
		{605F5C3B-85B7-4EC4-8D0A-A7CDCF7F14BE}.Release|Any CPU.Deploy.0 = Release|iPhone
		{605F5C3B-85B7-4EC4-8D0A-A7CDCF7F14BE}.Release|ARM.ActiveCfg = Release|iPhone
		{605F5C3B-85B7-4EC4-8D0A-A7CDCF7F14BE}.Release|ARM.Build.0 = Release|iPhone
		{605F5C3B-85B7-4EC4-8D0A-A7CDCF7F14BE}.Release|ARM.Deploy.0 = Release|iPhone
		{605F5C3B-85B7-4EC4-8D0A-A7CDCF7F14BE}.Release|iPhone.ActiveCfg = Release|iPhone
		{605F5C3B-85B7-4EC4-8D0A-A7CDCF7F14BE}.Release|iPhone.Build.0 = Release|iPhone
		{605F5C3B-85B7-4EC4-8D0A-A7CDCF7F14BE}.Release|iPhone.Deploy.0 = Release|iPhone
		{605F5C3B-85B7-4EC4-8D0A-A7CDCF7F14BE}.Release|iPhoneSimulator.ActiveCfg = Release|iPhoneSimulator
		{605F5C3B-85B7-4EC4-8D0A-A7CDCF7F14BE}.Release|iPhoneSimulator.Build.0 = Release|iPhoneSimulator
		{605F5C3B-85B7-4EC4-8D0A-A7CDCF7F14BE}.Release|iPhoneSimulator.Deploy.0 = Release|iPhoneSimulator
		{605F5C3B-85B7-4EC4-8D0A-A7CDCF7F14BE}.Release|x64.ActiveCfg = Release|iPhone
		{605F5C3B-85B7-4EC4-8D0A-A7CDCF7F14BE}.Release|x64.Build.0 = Release|iPhone
		{605F5C3B-85B7-4EC4-8D0A-A7CDCF7F14BE}.Release|x64.Deploy.0 = Release|iPhone
		{605F5C3B-85B7-4EC4-8D0A-A7CDCF7F14BE}.Release|x86.ActiveCfg = Release|iPhone
		{605F5C3B-85B7-4EC4-8D0A-A7CDCF7F14BE}.Release|x86.Build.0 = Release|iPhone
		{605F5C3B-85B7-4EC4-8D0A-A7CDCF7F14BE}.Release|x86.Deploy.0 = Release|iPhone
		{24BE0141-4F67-44BB-851A-B7259F03160A}.Debug|Any CPU.ActiveCfg = Debug|Any CPU
		{24BE0141-4F67-44BB-851A-B7259F03160A}.Debug|Any CPU.Build.0 = Debug|Any CPU
		{24BE0141-4F67-44BB-851A-B7259F03160A}.Debug|Any CPU.Deploy.0 = Debug|Any CPU
		{24BE0141-4F67-44BB-851A-B7259F03160A}.Debug|ARM.ActiveCfg = Debug|Any CPU
		{24BE0141-4F67-44BB-851A-B7259F03160A}.Debug|ARM.Build.0 = Debug|Any CPU
		{24BE0141-4F67-44BB-851A-B7259F03160A}.Debug|ARM.Deploy.0 = Debug|Any CPU
		{24BE0141-4F67-44BB-851A-B7259F03160A}.Debug|iPhone.ActiveCfg = Debug|Any CPU
		{24BE0141-4F67-44BB-851A-B7259F03160A}.Debug|iPhone.Build.0 = Debug|Any CPU
		{24BE0141-4F67-44BB-851A-B7259F03160A}.Debug|iPhone.Deploy.0 = Debug|Any CPU
		{24BE0141-4F67-44BB-851A-B7259F03160A}.Debug|iPhoneSimulator.ActiveCfg = Debug|Any CPU
		{24BE0141-4F67-44BB-851A-B7259F03160A}.Debug|iPhoneSimulator.Build.0 = Debug|Any CPU
		{24BE0141-4F67-44BB-851A-B7259F03160A}.Debug|iPhoneSimulator.Deploy.0 = Debug|Any CPU
		{24BE0141-4F67-44BB-851A-B7259F03160A}.Debug|x64.ActiveCfg = Debug|Any CPU
		{24BE0141-4F67-44BB-851A-B7259F03160A}.Debug|x64.Build.0 = Debug|Any CPU
		{24BE0141-4F67-44BB-851A-B7259F03160A}.Debug|x64.Deploy.0 = Debug|Any CPU
		{24BE0141-4F67-44BB-851A-B7259F03160A}.Debug|x86.ActiveCfg = Debug|Any CPU
		{24BE0141-4F67-44BB-851A-B7259F03160A}.Debug|x86.Build.0 = Debug|Any CPU
		{24BE0141-4F67-44BB-851A-B7259F03160A}.Debug|x86.Deploy.0 = Debug|Any CPU
		{24BE0141-4F67-44BB-851A-B7259F03160A}.Release|Any CPU.ActiveCfg = Release|Any CPU
		{24BE0141-4F67-44BB-851A-B7259F03160A}.Release|Any CPU.Build.0 = Release|Any CPU
		{24BE0141-4F67-44BB-851A-B7259F03160A}.Release|Any CPU.Deploy.0 = Release|Any CPU
		{24BE0141-4F67-44BB-851A-B7259F03160A}.Release|ARM.ActiveCfg = Release|Any CPU
		{24BE0141-4F67-44BB-851A-B7259F03160A}.Release|ARM.Build.0 = Release|Any CPU
		{24BE0141-4F67-44BB-851A-B7259F03160A}.Release|ARM.Deploy.0 = Release|Any CPU
		{24BE0141-4F67-44BB-851A-B7259F03160A}.Release|iPhone.ActiveCfg = Release|Any CPU
		{24BE0141-4F67-44BB-851A-B7259F03160A}.Release|iPhone.Build.0 = Release|Any CPU
		{24BE0141-4F67-44BB-851A-B7259F03160A}.Release|iPhone.Deploy.0 = Release|Any CPU
		{24BE0141-4F67-44BB-851A-B7259F03160A}.Release|iPhoneSimulator.ActiveCfg = Release|Any CPU
		{24BE0141-4F67-44BB-851A-B7259F03160A}.Release|iPhoneSimulator.Build.0 = Release|Any CPU
		{24BE0141-4F67-44BB-851A-B7259F03160A}.Release|iPhoneSimulator.Deploy.0 = Release|Any CPU
		{24BE0141-4F67-44BB-851A-B7259F03160A}.Release|x64.ActiveCfg = Release|Any CPU
		{24BE0141-4F67-44BB-851A-B7259F03160A}.Release|x64.Build.0 = Release|Any CPU
		{24BE0141-4F67-44BB-851A-B7259F03160A}.Release|x64.Deploy.0 = Release|Any CPU
		{24BE0141-4F67-44BB-851A-B7259F03160A}.Release|x86.ActiveCfg = Release|Any CPU
		{24BE0141-4F67-44BB-851A-B7259F03160A}.Release|x86.Build.0 = Release|Any CPU
		{24BE0141-4F67-44BB-851A-B7259F03160A}.Release|x86.Deploy.0 = Release|Any CPU
	EndGlobalSection
	GlobalSection(SolutionProperties) = preSolution
		HideSolutionNode = FALSE
	EndGlobalSection
	GlobalSection(ExtensibilityGlobals) = postSolution
		SolutionGuid = {4BA71DCD-A78A-4290-980B-CA18E8A1C4DD}
	EndGlobalSection
EndGlobal
