
Microsoft Visual Studio Solution File, Format Version 12.00
# Visual Studio Version 16
VisualStudioVersion = 16.0.29102.190
MinimumVisualStudioVersion = 10.0.40219.1
Project("{FAE04EC0-301F-11D3-BF4B-00C04F79EFBC}") = "HalloTemplates.UWP", "HalloTemplates\HalloTemplates.UWP\HalloTemplates.UWP.csproj", "{E78255EC-401C-477E-8684-DD6B859F1966}"
EndProject
Project("{FAE04EC0-301F-11D3-BF4B-00C04F79EFBC}") = "HalloTemplates.Android", "HalloTemplates\HalloTemplates.Android\HalloTemplates.Android.csproj", "{135EFB7F-66D0-4325-80F9-566DFBA52DDB}"
EndProject
Project("{FAE04EC0-301F-11D3-BF4B-00C04F79EFBC}") = "HalloTemplates.iOS", "HalloTemplates\HalloTemplates.iOS\HalloTemplates.iOS.csproj", "{43801A5E-08CD-4CAF-8651-15DBA817E3B2}"
EndProject
Project("{FAE04EC0-301F-11D3-BF4B-00C04F79EFBC}") = "HalloTemplates", "HalloTemplates\HalloTemplates\HalloTemplates.csproj", "{EADFFC41-971B-4E90-B691-87E166002C44}"
EndProject
Global
	GlobalSection(SolutionConfigurationPlatforms) = preSolution
		Debug|Any CPU = Debug|Any CPU
		Debug|ARM = Debug|ARM
		Debug|iPhone = Debug|iPhone
		Debug|iPhoneSimulator = Debug|iPhoneSimulator
		Debug|x64 = Debug|x64
		Debug|x86 = Debug|x86
		Release|Any CPU = Release|Any CPU
		Release|ARM = Release|ARM
		Release|iPhone = Release|iPhone
		Release|iPhoneSimulator = Release|iPhoneSimulator
		Release|x64 = Release|x64
		Release|x86 = Release|x86
	EndGlobalSection
	GlobalSection(ProjectConfigurationPlatforms) = postSolution
		{E78255EC-401C-477E-8684-DD6B859F1966}.Debug|Any CPU.ActiveCfg = Debug|x86
		{E78255EC-401C-477E-8684-DD6B859F1966}.Debug|Any CPU.Build.0 = Debug|x86
		{E78255EC-401C-477E-8684-DD6B859F1966}.Debug|Any CPU.Deploy.0 = Debug|x86
		{E78255EC-401C-477E-8684-DD6B859F1966}.Debug|ARM.ActiveCfg = Debug|ARM
		{E78255EC-401C-477E-8684-DD6B859F1966}.Debug|ARM.Build.0 = Debug|ARM
		{E78255EC-401C-477E-8684-DD6B859F1966}.Debug|ARM.Deploy.0 = Debug|ARM
		{E78255EC-401C-477E-8684-DD6B859F1966}.Debug|iPhone.ActiveCfg = Debug|x86
		{E78255EC-401C-477E-8684-DD6B859F1966}.Debug|iPhone.Build.0 = Debug|x86
		{E78255EC-401C-477E-8684-DD6B859F1966}.Debug|iPhone.Deploy.0 = Debug|x86
		{E78255EC-401C-477E-8684-DD6B859F1966}.Debug|iPhoneSimulator.ActiveCfg = Debug|x86
		{E78255EC-401C-477E-8684-DD6B859F1966}.Debug|iPhoneSimulator.Build.0 = Debug|x86
		{E78255EC-401C-477E-8684-DD6B859F1966}.Debug|iPhoneSimulator.Deploy.0 = Debug|x86
		{E78255EC-401C-477E-8684-DD6B859F1966}.Debug|x64.ActiveCfg = Debug|x64
		{E78255EC-401C-477E-8684-DD6B859F1966}.Debug|x64.Build.0 = Debug|x64
		{E78255EC-401C-477E-8684-DD6B859F1966}.Debug|x64.Deploy.0 = Debug|x64
		{E78255EC-401C-477E-8684-DD6B859F1966}.Debug|x86.ActiveCfg = Debug|x86
		{E78255EC-401C-477E-8684-DD6B859F1966}.Debug|x86.Build.0 = Debug|x86
		{E78255EC-401C-477E-8684-DD6B859F1966}.Debug|x86.Deploy.0 = Debug|x86
		{E78255EC-401C-477E-8684-DD6B859F1966}.Release|Any CPU.ActiveCfg = Release|x86
		{E78255EC-401C-477E-8684-DD6B859F1966}.Release|Any CPU.Build.0 = Release|x86
		{E78255EC-401C-477E-8684-DD6B859F1966}.Release|Any CPU.Deploy.0 = Release|x86
		{E78255EC-401C-477E-8684-DD6B859F1966}.Release|ARM.ActiveCfg = Release|ARM
		{E78255EC-401C-477E-8684-DD6B859F1966}.Release|ARM.Build.0 = Release|ARM
		{E78255EC-401C-477E-8684-DD6B859F1966}.Release|ARM.Deploy.0 = Release|ARM
		{E78255EC-401C-477E-8684-DD6B859F1966}.Release|iPhone.ActiveCfg = Release|x86
		{E78255EC-401C-477E-8684-DD6B859F1966}.Release|iPhone.Build.0 = Release|x86
		{E78255EC-401C-477E-8684-DD6B859F1966}.Release|iPhone.Deploy.0 = Release|x86
		{E78255EC-401C-477E-8684-DD6B859F1966}.Release|iPhoneSimulator.ActiveCfg = Release|x86
		{E78255EC-401C-477E-8684-DD6B859F1966}.Release|iPhoneSimulator.Build.0 = Release|x86
		{E78255EC-401C-477E-8684-DD6B859F1966}.Release|iPhoneSimulator.Deploy.0 = Release|x86
		{E78255EC-401C-477E-8684-DD6B859F1966}.Release|x64.ActiveCfg = Release|x64
		{E78255EC-401C-477E-8684-DD6B859F1966}.Release|x64.Build.0 = Release|x64
		{E78255EC-401C-477E-8684-DD6B859F1966}.Release|x64.Deploy.0 = Release|x64
		{E78255EC-401C-477E-8684-DD6B859F1966}.Release|x86.ActiveCfg = Release|x86
		{E78255EC-401C-477E-8684-DD6B859F1966}.Release|x86.Build.0 = Release|x86
		{E78255EC-401C-477E-8684-DD6B859F1966}.Release|x86.Deploy.0 = Release|x86
		{135EFB7F-66D0-4325-80F9-566DFBA52DDB}.Debug|Any CPU.ActiveCfg = Debug|Any CPU
		{135EFB7F-66D0-4325-80F9-566DFBA52DDB}.Debug|Any CPU.Build.0 = Debug|Any CPU
		{135EFB7F-66D0-4325-80F9-566DFBA52DDB}.Debug|Any CPU.Deploy.0 = Debug|Any CPU
		{135EFB7F-66D0-4325-80F9-566DFBA52DDB}.Debug|ARM.ActiveCfg = Debug|Any CPU
		{135EFB7F-66D0-4325-80F9-566DFBA52DDB}.Debug|ARM.Build.0 = Debug|Any CPU
		{135EFB7F-66D0-4325-80F9-566DFBA52DDB}.Debug|ARM.Deploy.0 = Debug|Any CPU
		{135EFB7F-66D0-4325-80F9-566DFBA52DDB}.Debug|iPhone.ActiveCfg = Debug|Any CPU
		{135EFB7F-66D0-4325-80F9-566DFBA52DDB}.Debug|iPhone.Build.0 = Debug|Any CPU
		{135EFB7F-66D0-4325-80F9-566DFBA52DDB}.Debug|iPhone.Deploy.0 = Debug|Any CPU
		{135EFB7F-66D0-4325-80F9-566DFBA52DDB}.Debug|iPhoneSimulator.ActiveCfg = Debug|Any CPU
		{135EFB7F-66D0-4325-80F9-566DFBA52DDB}.Debug|iPhoneSimulator.Build.0 = Debug|Any CPU
		{135EFB7F-66D0-4325-80F9-566DFBA52DDB}.Debug|iPhoneSimulator.Deploy.0 = Debug|Any CPU
		{135EFB7F-66D0-4325-80F9-566DFBA52DDB}.Debug|x64.ActiveCfg = Debug|Any CPU
		{135EFB7F-66D0-4325-80F9-566DFBA52DDB}.Debug|x64.Build.0 = Debug|Any CPU
		{135EFB7F-66D0-4325-80F9-566DFBA52DDB}.Debug|x64.Deploy.0 = Debug|Any CPU
		{135EFB7F-66D0-4325-80F9-566DFBA52DDB}.Debug|x86.ActiveCfg = Debug|Any CPU
		{135EFB7F-66D0-4325-80F9-566DFBA52DDB}.Debug|x86.Build.0 = Debug|Any CPU
		{135EFB7F-66D0-4325-80F9-566DFBA52DDB}.Debug|x86.Deploy.0 = Debug|Any CPU
		{135EFB7F-66D0-4325-80F9-566DFBA52DDB}.Release|Any CPU.ActiveCfg = Release|Any CPU
		{135EFB7F-66D0-4325-80F9-566DFBA52DDB}.Release|Any CPU.Build.0 = Release|Any CPU
		{135EFB7F-66D0-4325-80F9-566DFBA52DDB}.Release|Any CPU.Deploy.0 = Release|Any CPU
		{135EFB7F-66D0-4325-80F9-566DFBA52DDB}.Release|ARM.ActiveCfg = Release|Any CPU
		{135EFB7F-66D0-4325-80F9-566DFBA52DDB}.Release|ARM.Build.0 = Release|Any CPU
		{135EFB7F-66D0-4325-80F9-566DFBA52DDB}.Release|ARM.Deploy.0 = Release|Any CPU
		{135EFB7F-66D0-4325-80F9-566DFBA52DDB}.Release|iPhone.ActiveCfg = Release|Any CPU
		{135EFB7F-66D0-4325-80F9-566DFBA52DDB}.Release|iPhone.Build.0 = Release|Any CPU
		{135EFB7F-66D0-4325-80F9-566DFBA52DDB}.Release|iPhone.Deploy.0 = Release|Any CPU
		{135EFB7F-66D0-4325-80F9-566DFBA52DDB}.Release|iPhoneSimulator.ActiveCfg = Release|Any CPU
		{135EFB7F-66D0-4325-80F9-566DFBA52DDB}.Release|iPhoneSimulator.Build.0 = Release|Any CPU
		{135EFB7F-66D0-4325-80F9-566DFBA52DDB}.Release|iPhoneSimulator.Deploy.0 = Release|Any CPU
		{135EFB7F-66D0-4325-80F9-566DFBA52DDB}.Release|x64.ActiveCfg = Release|Any CPU
		{135EFB7F-66D0-4325-80F9-566DFBA52DDB}.Release|x64.Build.0 = Release|Any CPU
		{135EFB7F-66D0-4325-80F9-566DFBA52DDB}.Release|x64.Deploy.0 = Release|Any CPU
		{135EFB7F-66D0-4325-80F9-566DFBA52DDB}.Release|x86.ActiveCfg = Release|Any CPU
		{135EFB7F-66D0-4325-80F9-566DFBA52DDB}.Release|x86.Build.0 = Release|Any CPU
		{135EFB7F-66D0-4325-80F9-566DFBA52DDB}.Release|x86.Deploy.0 = Release|Any CPU
		{43801A5E-08CD-4CAF-8651-15DBA817E3B2}.Debug|Any CPU.ActiveCfg = Debug|iPhone
		{43801A5E-08CD-4CAF-8651-15DBA817E3B2}.Debug|Any CPU.Build.0 = Debug|iPhone
		{43801A5E-08CD-4CAF-8651-15DBA817E3B2}.Debug|Any CPU.Deploy.0 = Debug|iPhone
		{43801A5E-08CD-4CAF-8651-15DBA817E3B2}.Debug|ARM.ActiveCfg = Debug|iPhoneSimulator
		{43801A5E-08CD-4CAF-8651-15DBA817E3B2}.Debug|ARM.Build.0 = Debug|iPhoneSimulator
		{43801A5E-08CD-4CAF-8651-15DBA817E3B2}.Debug|ARM.Deploy.0 = Debug|iPhoneSimulator
		{43801A5E-08CD-4CAF-8651-15DBA817E3B2}.Debug|iPhone.ActiveCfg = Debug|iPhone
		{43801A5E-08CD-4CAF-8651-15DBA817E3B2}.Debug|iPhone.Build.0 = Debug|iPhone
		{43801A5E-08CD-4CAF-8651-15DBA817E3B2}.Debug|iPhone.Deploy.0 = Debug|iPhone
		{43801A5E-08CD-4CAF-8651-15DBA817E3B2}.Debug|iPhoneSimulator.ActiveCfg = Debug|iPhoneSimulator
		{43801A5E-08CD-4CAF-8651-15DBA817E3B2}.Debug|iPhoneSimulator.Build.0 = Debug|iPhoneSimulator
		{43801A5E-08CD-4CAF-8651-15DBA817E3B2}.Debug|iPhoneSimulator.Deploy.0 = Debug|iPhoneSimulator
		{43801A5E-08CD-4CAF-8651-15DBA817E3B2}.Debug|x64.ActiveCfg = Debug|iPhone
		{43801A5E-08CD-4CAF-8651-15DBA817E3B2}.Debug|x64.Build.0 = Debug|iPhone
		{43801A5E-08CD-4CAF-8651-15DBA817E3B2}.Debug|x64.Deploy.0 = Debug|iPhone
		{43801A5E-08CD-4CAF-8651-15DBA817E3B2}.Debug|x86.ActiveCfg = Debug|iPhone
		{43801A5E-08CD-4CAF-8651-15DBA817E3B2}.Debug|x86.Build.0 = Debug|iPhone
		{43801A5E-08CD-4CAF-8651-15DBA817E3B2}.Debug|x86.Deploy.0 = Debug|iPhone
		{43801A5E-08CD-4CAF-8651-15DBA817E3B2}.Release|Any CPU.ActiveCfg = Release|iPhone
		{43801A5E-08CD-4CAF-8651-15DBA817E3B2}.Release|Any CPU.Build.0 = Release|iPhone
		{43801A5E-08CD-4CAF-8651-15DBA817E3B2}.Release|Any CPU.Deploy.0 = Release|iPhone
		{43801A5E-08CD-4CAF-8651-15DBA817E3B2}.Release|ARM.ActiveCfg = Release|iPhone
		{43801A5E-08CD-4CAF-8651-15DBA817E3B2}.Release|ARM.Build.0 = Release|iPhone
		{43801A5E-08CD-4CAF-8651-15DBA817E3B2}.Release|ARM.Deploy.0 = Release|iPhone
		{43801A5E-08CD-4CAF-8651-15DBA817E3B2}.Release|iPhone.ActiveCfg = Release|iPhone
		{43801A5E-08CD-4CAF-8651-15DBA817E3B2}.Release|iPhone.Build.0 = Release|iPhone
		{43801A5E-08CD-4CAF-8651-15DBA817E3B2}.Release|iPhone.Deploy.0 = Release|iPhone
		{43801A5E-08CD-4CAF-8651-15DBA817E3B2}.Release|iPhoneSimulator.ActiveCfg = Release|iPhoneSimulator
		{43801A5E-08CD-4CAF-8651-15DBA817E3B2}.Release|iPhoneSimulator.Build.0 = Release|iPhoneSimulator
		{43801A5E-08CD-4CAF-8651-15DBA817E3B2}.Release|iPhoneSimulator.Deploy.0 = Release|iPhoneSimulator
		{43801A5E-08CD-4CAF-8651-15DBA817E3B2}.Release|x64.ActiveCfg = Release|iPhone
		{43801A5E-08CD-4CAF-8651-15DBA817E3B2}.Release|x64.Build.0 = Release|iPhone
		{43801A5E-08CD-4CAF-8651-15DBA817E3B2}.Release|x64.Deploy.0 = Release|iPhone
		{43801A5E-08CD-4CAF-8651-15DBA817E3B2}.Release|x86.ActiveCfg = Release|iPhone
		{43801A5E-08CD-4CAF-8651-15DBA817E3B2}.Release|x86.Build.0 = Release|iPhone
		{43801A5E-08CD-4CAF-8651-15DBA817E3B2}.Release|x86.Deploy.0 = Release|iPhone
		{EADFFC41-971B-4E90-B691-87E166002C44}.Debug|Any CPU.ActiveCfg = Debug|Any CPU
		{EADFFC41-971B-4E90-B691-87E166002C44}.Debug|Any CPU.Build.0 = Debug|Any CPU
		{EADFFC41-971B-4E90-B691-87E166002C44}.Debug|Any CPU.Deploy.0 = Debug|Any CPU
		{EADFFC41-971B-4E90-B691-87E166002C44}.Debug|ARM.ActiveCfg = Debug|Any CPU
		{EADFFC41-971B-4E90-B691-87E166002C44}.Debug|ARM.Build.0 = Debug|Any CPU
		{EADFFC41-971B-4E90-B691-87E166002C44}.Debug|ARM.Deploy.0 = Debug|Any CPU
		{EADFFC41-971B-4E90-B691-87E166002C44}.Debug|iPhone.ActiveCfg = Debug|Any CPU
		{EADFFC41-971B-4E90-B691-87E166002C44}.Debug|iPhone.Build.0 = Debug|Any CPU
		{EADFFC41-971B-4E90-B691-87E166002C44}.Debug|iPhone.Deploy.0 = Debug|Any CPU
		{EADFFC41-971B-4E90-B691-87E166002C44}.Debug|iPhoneSimulator.ActiveCfg = Debug|Any CPU
		{EADFFC41-971B-4E90-B691-87E166002C44}.Debug|iPhoneSimulator.Build.0 = Debug|Any CPU
		{EADFFC41-971B-4E90-B691-87E166002C44}.Debug|iPhoneSimulator.Deploy.0 = Debug|Any CPU
		{EADFFC41-971B-4E90-B691-87E166002C44}.Debug|x64.ActiveCfg = Debug|Any CPU
		{EADFFC41-971B-4E90-B691-87E166002C44}.Debug|x64.Build.0 = Debug|Any CPU
		{EADFFC41-971B-4E90-B691-87E166002C44}.Debug|x64.Deploy.0 = Debug|Any CPU
		{EADFFC41-971B-4E90-B691-87E166002C44}.Debug|x86.ActiveCfg = Debug|Any CPU
		{EADFFC41-971B-4E90-B691-87E166002C44}.Debug|x86.Build.0 = Debug|Any CPU
		{EADFFC41-971B-4E90-B691-87E166002C44}.Debug|x86.Deploy.0 = Debug|Any CPU
		{EADFFC41-971B-4E90-B691-87E166002C44}.Release|Any CPU.ActiveCfg = Release|Any CPU
		{EADFFC41-971B-4E90-B691-87E166002C44}.Release|Any CPU.Build.0 = Release|Any CPU
		{EADFFC41-971B-4E90-B691-87E166002C44}.Release|Any CPU.Deploy.0 = Release|Any CPU
		{EADFFC41-971B-4E90-B691-87E166002C44}.Release|ARM.ActiveCfg = Release|Any CPU
		{EADFFC41-971B-4E90-B691-87E166002C44}.Release|ARM.Build.0 = Release|Any CPU
		{EADFFC41-971B-4E90-B691-87E166002C44}.Release|ARM.Deploy.0 = Release|Any CPU
		{EADFFC41-971B-4E90-B691-87E166002C44}.Release|iPhone.ActiveCfg = Release|Any CPU
		{EADFFC41-971B-4E90-B691-87E166002C44}.Release|iPhone.Build.0 = Release|Any CPU
		{EADFFC41-971B-4E90-B691-87E166002C44}.Release|iPhone.Deploy.0 = Release|Any CPU
		{EADFFC41-971B-4E90-B691-87E166002C44}.Release|iPhoneSimulator.ActiveCfg = Release|Any CPU
		{EADFFC41-971B-4E90-B691-87E166002C44}.Release|iPhoneSimulator.Build.0 = Release|Any CPU
		{EADFFC41-971B-4E90-B691-87E166002C44}.Release|iPhoneSimulator.Deploy.0 = Release|Any CPU
		{EADFFC41-971B-4E90-B691-87E166002C44}.Release|x64.ActiveCfg = Release|Any CPU
		{EADFFC41-971B-4E90-B691-87E166002C44}.Release|x64.Build.0 = Release|Any CPU
		{EADFFC41-971B-4E90-B691-87E166002C44}.Release|x64.Deploy.0 = Release|Any CPU
		{EADFFC41-971B-4E90-B691-87E166002C44}.Release|x86.ActiveCfg = Release|Any CPU
		{EADFFC41-971B-4E90-B691-87E166002C44}.Release|x86.Build.0 = Release|Any CPU
		{EADFFC41-971B-4E90-B691-87E166002C44}.Release|x86.Deploy.0 = Release|Any CPU
	EndGlobalSection
	GlobalSection(SolutionProperties) = preSolution
		HideSolutionNode = FALSE
	EndGlobalSection
	GlobalSection(ExtensibilityGlobals) = postSolution
		SolutionGuid = {B0B712FD-A47D-41E2-99E4-E531422874DD}
	EndGlobalSection
EndGlobal
